// !$*UTF8*$!
{
	archiveVersion = 1;
	classes = {
	};
	objectVersion = 46;
	objects = {

/* Begin PBXBuildFile section */
		3C0D31741DDD9D9500D78924 /* main.m in Sources */ = {isa = PBXBuildFile; fileRef = 3C0D31731DDD9D9500D78924 /* main.m */; };
		3C0D31771DDD9D9500D78924 /* AppDelegate.m in Sources */ = {isa = PBXBuildFile; fileRef = 3C0D31761DDD9D9500D78924 /* AppDelegate.m */; };
		3C0D317D1DDD9D9500D78924 /* Main.storyboard in Resources */ = {isa = PBXBuildFile; fileRef = 3C0D317B1DDD9D9500D78924 /* Main.storyboard */; };
		3C0D317F1DDD9D9500D78924 /* Assets.xcassets in Resources */ = {isa = PBXBuildFile; fileRef = 3C0D317E1DDD9D9500D78924 /* Assets.xcassets */; };
		3C0D31821DDD9D9500D78924 /* LaunchScreen.storyboard in Resources */ = {isa = PBXBuildFile; fileRef = 3C0D31801DDD9D9500D78924 /* LaunchScreen.storyboard */; };
		3C0D318C1DDDA3A600D78924 /* MainController.m in Sources */ = {isa = PBXBuildFile; fileRef = 3C0D318B1DDDA3A600D78924 /* MainController.m */; };
		3C0D318F1DDEA29F00D78924 /* AddDeviceController.m in Sources */ = {isa = PBXBuildFile; fileRef = 3C0D318E1DDEA29F00D78924 /* AddDeviceController.m */; };
		3C0D31941DDF054F00D78924 /* ChooseBrandController.swift in Sources */ = {isa = PBXBuildFile; fileRef = 3C0D31931DDF054F00D78924 /* ChooseBrandController.swift */; };
		3C125CBA1E94928F00D8FB92 /* FavoriteScrollView.swift in Sources */ = {isa = PBXBuildFile; fileRef = 3C125CB91E94928F00D8FB92 /* FavoriteScrollView.swift */; };
		3C125CC61E94962100D8FB92 /* CommonFunction.swift in Sources */ = {isa = PBXBuildFile; fileRef = 3C125CBD1E94962100D8FB92 /* CommonFunction.swift */; };
		3C125CC71E94962100D8FB92 /* UIButton+touchLimit.m in Sources */ = {isa = PBXBuildFile; fileRef = 3C125CBF1E94962100D8FB92 /* UIButton+touchLimit.m */; };
		3C125CC81E94962100D8FB92 /* UIView+AutoFont.m in Sources */ = {isa = PBXBuildFile; fileRef = 3C125CC11E94962100D8FB92 /* UIView+AutoFont.m */; };
		3C125CC91E94962100D8FB92 /* UIViewController+NamePrint.m in Sources */ = {isa = PBXBuildFile; fileRef = 3C125CC31E94962100D8FB92 /* UIViewController+NamePrint.m */; };
		3C125CCA1E94962100D8FB92 /* VoiceManger.swift in Sources */ = {isa = PBXBuildFile; fileRef = 3C125CC41E94962100D8FB92 /* VoiceManger.swift */; };
		3C125CCB1E94962100D8FB92 /* BinMakeManger.swift in Sources */ = {isa = PBXBuildFile; fileRef = 3C125CC51E94962100D8FB92 /* BinMakeManger.swift */; };
		3C125CCC1E94990B00D8FB92 /* Localizable.strings in Resources */ = {isa = PBXBuildFile; fileRef = 3C125CCE1E94990B00D8FB92 /* Localizable.strings */; };
		3C27460E1E712A5500662A9F /* searching.gif in Resources */ = {isa = PBXBuildFile; fileRef = 3C27460D1E712A5500662A9F /* searching.gif */; };
		3C28BD3D1E5D3D9B0028B7BF /* TestController.swift in Sources */ = {isa = PBXBuildFile; fileRef = 3C28BD3C1E5D3D9B0028B7BF /* TestController.swift */; };
		3C2A72731E790E2100137EAB /* NSE_Database.sqlite in Resources */ = {isa = PBXBuildFile; fileRef = 3C2A725F1E790E2100137EAB /* NSE_Database.sqlite */; };
		3C2A72741E790E2100137EAB /* Ir_Remote_ImageB.bin in Resources */ = {isa = PBXBuildFile; fileRef = 3C2A72601E790E2100137EAB /* Ir_Remote_ImageB.bin */; };
		3C2A72751E790E2100137EAB /* 006.bin in Resources */ = {isa = PBXBuildFile; fileRef = 3C2A72611E790E2100137EAB /* 006.bin */; };
		3C2A72761E790E2100137EAB /* 492.bin in Resources */ = {isa = PBXBuildFile; fileRef = 3C2A72621E790E2100137EAB /* 492.bin */; };
		3C2A72771E790E2100137EAB /* 531.bin in Resources */ = {isa = PBXBuildFile; fileRef = 3C2A72631E790E2100137EAB /* 531.bin */; };
		3C2A72781E790E2100137EAB /* 691.bin in Resources */ = {isa = PBXBuildFile; fileRef = 3C2A72641E790E2100137EAB /* 691.bin */; };
		3C2A72791E790E2100137EAB /* 2009.bin in Resources */ = {isa = PBXBuildFile; fileRef = 3C2A72651E790E2100137EAB /* 2009.bin */; };
		3C2A727A1E790E2100137EAB /* 2132.bin in Resources */ = {isa = PBXBuildFile; fileRef = 3C2A72661E790E2100137EAB /* 2132.bin */; };
		3C2A727B1E790E2100137EAB /* 2314.bin in Resources */ = {isa = PBXBuildFile; fileRef = 3C2A72671E790E2100137EAB /* 2314.bin */; };
		3C2A727C1E790E2100137EAB /* 2787.bin in Resources */ = {isa = PBXBuildFile; fileRef = 3C2A72681E790E2100137EAB /* 2787.bin */; };
		3C2A727D1E790E2100137EAB /* 3075.bin in Resources */ = {isa = PBXBuildFile; fileRef = 3C2A72691E790E2100137EAB /* 3075.bin */; };
		3C2A727E1E790E2100137EAB /* 6014.bin in Resources */ = {isa = PBXBuildFile; fileRef = 3C2A726A1E790E2100137EAB /* 6014.bin */; };
		3C2A727F1E790E2100137EAB /* 6123.bin in Resources */ = {isa = PBXBuildFile; fileRef = 3C2A726B1E790E2100137EAB /* 6123.bin */; };
		3C2A72801E790E2100137EAB /* 8078.bin in Resources */ = {isa = PBXBuildFile; fileRef = 3C2A726C1E790E2100137EAB /* 8078.bin */; };
		3C2A72811E790E2100137EAB /* P14AAA_0A.bin in Resources */ = {isa = PBXBuildFile; fileRef = 3C2A726D1E790E2100137EAB /* P14AAA_0A.bin */; };
		3C2A72821E790E2100137EAB /* P14AAA_03.bin in Resources */ = {isa = PBXBuildFile; fileRef = 3C2A726E1E790E2100137EAB /* P14AAA_03.bin */; };
		3C2A72831E790E2100137EAB /* P14AAA_16.bin in Resources */ = {isa = PBXBuildFile; fileRef = 3C2A726F1E790E2100137EAB /* P14AAA_16.bin */; };
		3C2A72841E790E2100137EAB /* T32DBA_01FE.bin in Resources */ = {isa = PBXBuildFile; fileRef = 3C2A72701E790E2100137EAB /* T32DBA_01FE.bin */; };
		3C2A72851E790E2100137EAB /* T32DBA_08FE.bin in Resources */ = {isa = PBXBuildFile; fileRef = 3C2A72711E790E2100137EAB /* T32DBA_08FE.bin */; };
		3C2A72861E790E2100137EAB /* T32DBA_40EF.bin in Resources */ = {isa = PBXBuildFile; fileRef = 3C2A72721E790E2100137EAB /* T32DBA_40EF.bin */; };
		3C2A72911E794FA500137EAB /* Infrared_Datebase.sqlite in Resources */ = {isa = PBXBuildFile; fileRef = 3C2A72901E794FA500137EAB /* Infrared_Datebase.sqlite */; };
		3C2A72931E7A824A00137EAB /* CoreTelephony.framework in Frameworks */ = {isa = PBXBuildFile; fileRef = 3C2A72921E7A824900137EAB /* CoreTelephony.framework */; };
		3C2A72951E7A825300137EAB /* OpenGLES.framework in Frameworks */ = {isa = PBXBuildFile; fileRef = 3C2A72941E7A825300137EAB /* OpenGLES.framework */; };
		3C2A72971E7A825A00137EAB /* AVFoundation.framework in Frameworks */ = {isa = PBXBuildFile; fileRef = 3C2A72961E7A825A00137EAB /* AVFoundation.framework */; };
		3C2A72991E7A826100137EAB /* SystemConfiguration.framework in Frameworks */ = {isa = PBXBuildFile; fileRef = 3C2A72981E7A826100137EAB /* SystemConfiguration.framework */; };
		3C2A729B1E7A826700137EAB /* CoreMotion.framework in Frameworks */ = {isa = PBXBuildFile; fileRef = 3C2A729A1E7A826700137EAB /* CoreMotion.framework */; };
		3C2A729F1E7A920B00137EAB /* libz.tbd in Frameworks */ = {isa = PBXBuildFile; fileRef = 3C2A729E1E7A920B00137EAB /* libz.tbd */; };
		3C2A72A11E7A922300137EAB /* libc++.tbd in Frameworks */ = {isa = PBXBuildFile; fileRef = 3C2A72A01E7A922300137EAB /* libc++.tbd */; };
		3C2A72A51E7BBBA800137EAB /* SettingController.swift in Sources */ = {isa = PBXBuildFile; fileRef = 3C2A72A41E7BBBA800137EAB /* SettingController.swift */; };
		3C316F601EBC82D4005D30E1 /* FavoriteInfo.swift in Sources */ = {isa = PBXBuildFile; fileRef = 3C316F5F1EBC82D4005D30E1 /* FavoriteInfo.swift */; };
		3C33FA2F1EB072C800432C8C /* DeviceInfo.swift in Sources */ = {isa = PBXBuildFile; fileRef = 3C33FA2E1EB072C800432C8C /* DeviceInfo.swift */; };
		3C38B2E41ED291000082DB3B /* VoiceCommand.plist in Resources */ = {isa = PBXBuildFile; fileRef = 3C38B2E31ED290FF0082DB3B /* VoiceCommand.plist */; };
		3C3A11CA1E73A64F00C9E9E3 /* BOXController.swift in Sources */ = {isa = PBXBuildFile; fileRef = 3C3A11C91E73A64F00C9E9E3 /* BOXController.swift */; };
		3C3A11CC1E762F5700C9E9E3 /* AMPController.swift in Sources */ = {isa = PBXBuildFile; fileRef = 3C3A11CB1E762F5700C9E9E3 /* AMPController.swift */; };
		3C43FADF1E88EB9500F01330 /* AddressBook.framework in Frameworks */ = {isa = PBXBuildFile; fileRef = 3C43FADE1E88EB9500F01330 /* AddressBook.framework */; };
		3C43FAE11E88EBC400F01330 /* AudioToolbox.framework in Frameworks */ = {isa = PBXBuildFile; fileRef = 3C43FAE01E88EBC400F01330 /* AudioToolbox.framework */; };
		3C43FAE31E88EBD900F01330 /* CoreGraphics.framework in Frameworks */ = {isa = PBXBuildFile; fileRef = 3C43FAE21E88EBD900F01330 /* CoreGraphics.framework */; };
		3C43FAE51E88EBFB00F01330 /* CoreLocation.framework in Frameworks */ = {isa = PBXBuildFile; fileRef = 3C43FAE41E88EBFB00F01330 /* CoreLocation.framework */; };
		3C43FAE71E88EC0D00F01330 /* QuartzCore.framework in Frameworks */ = {isa = PBXBuildFile; fileRef = 3C43FAE61E88EC0D00F01330 /* QuartzCore.framework */; };
		3C43FAE91E88EC1C00F01330 /* UIKit.framework in Frameworks */ = {isa = PBXBuildFile; fileRef = 3C43FAE81E88EC1C00F01330 /* UIKit.framework */; };
		3C43FAEB1E88EC2D00F01330 /* Foundation.framework in Frameworks */ = {isa = PBXBuildFile; fileRef = 3C43FAEA1E88EC2D00F01330 /* Foundation.framework */; };
		3C43FAED1E88ED2300F01330 /* libz.1.dylib in Frameworks */ = {isa = PBXBuildFile; fileRef = 3C43FAEC1E88ED2300F01330 /* libz.1.dylib */; };
		3C43FAEF1E88EEAD00F01330 /* Contacts.framework in Frameworks */ = {isa = PBXBuildFile; fileRef = 3C43FAEE1E88EEAD00F01330 /* Contacts.framework */; };
		3C482FE01E8C985600012E7D /* LoginController.swift in Sources */ = {isa = PBXBuildFile; fileRef = 3C482FDF1E8C985600012E7D /* LoginController.swift */; };
		3C482FE51E8CFB7100012E7D /* LoginRegeditController.swift in Sources */ = {isa = PBXBuildFile; fileRef = 3C482FE41E8CFB7100012E7D /* LoginRegeditController.swift */; };
		3C482FE71E8D0F1B00012E7D /* UserInfoController.swift in Sources */ = {isa = PBXBuildFile; fileRef = 3C482FE61E8D0F1B00012E7D /* UserInfoController.swift */; };
		3C482FEB1E8E5FB300012E7D /* TVBOXTimeSetting.swift in Sources */ = {isa = PBXBuildFile; fileRef = 3C482FEA1E8E5FB300012E7D /* TVBOXTimeSetting.swift */; };
		3C4C878F1EB2E5F400495F97 /* NetWorkingManager.m in Sources */ = {isa = PBXBuildFile; fileRef = 3C4C878E1EB2E5F300495F97 /* NetWorkingManager.m */; };
		3C4C87911EB2E96700495F97 /* UserFunction.swift in Sources */ = {isa = PBXBuildFile; fileRef = 3C4C87901EB2E96700495F97 /* UserFunction.swift */; };
		3C4C87931EB319EF00495F97 /* UserInfo.swift in Sources */ = {isa = PBXBuildFile; fileRef = 3C4C87921EB319EF00495F97 /* UserInfo.swift */; };
		3C4F51501E7394CF007E32F2 /* DVDController.swift in Sources */ = {isa = PBXBuildFile; fileRef = 3C4F514F1E7394CF007E32F2 /* DVDController.swift */; };
		3C503FE01EBC6FBF006D0F2D /* HTTPFuntion.swift in Sources */ = {isa = PBXBuildFile; fileRef = 3C503FDF1EBC6FBF006D0F2D /* HTTPFuntion.swift */; };
		3C589D871E5FD107002D3637 /* CoreBluetooth.framework in Frameworks */ = {isa = PBXBuildFile; fileRef = 3C589D861E5FD107002D3637 /* CoreBluetooth.framework */; };
		3C5A29821ECC1F6C00C2F674 /* ChildrenModeController.swift in Sources */ = {isa = PBXBuildFile; fileRef = 3C5A29811ECC1F6C00C2F674 /* ChildrenModeController.swift */; };
		3C5A29841ECC5CCB00C2F674 /* ChildrenSettingController.swift in Sources */ = {isa = PBXBuildFile; fileRef = 3C5A29831ECC5CCB00C2F674 /* ChildrenSettingController.swift */; };
		3CB922411EFD0EAB002F6E32 /* iflyMSC.framework in Frameworks */ = {isa = PBXBuildFile; fileRef = 3CB922401EFD0EAB002F6E32 /* iflyMSC.framework */; };
		3CC2D6771EA1BE32006DF2BE /* AddDevice.storyboard in Resources */ = {isa = PBXBuildFile; fileRef = 3CC2D6751EA1BE32006DF2BE /* AddDevice.storyboard */; };
		3CC2D67A1EA1D189006DF2BE /* TV&SAT.storyboard in Resources */ = {isa = PBXBuildFile; fileRef = 3CC2D6781EA1D189006DF2BE /* TV&SAT.storyboard */; };
		3CCF5C5A1E9768F700BFC567 /* TVController.swift in Sources */ = {isa = PBXBuildFile; fileRef = 3CCF5C591E9768F700BFC567 /* TVController.swift */; };
		3CDD64C51EB1F72200AD1599 /* HTTPForSoapFunction.swift in Sources */ = {isa = PBXBuildFile; fileRef = 3CDD64C41EB1F72200AD1599 /* HTTPForSoapFunction.swift */; };
		3CE4EA221EA74B77005D0CC7 /* FavoriteSubScroll.swift in Sources */ = {isa = PBXBuildFile; fileRef = 3CE4EA211EA74B77005D0CC7 /* FavoriteSubScroll.swift */; };
		3CEE34591EA8966D0047BA5F /* InfraredBrandList.plist in Resources */ = {isa = PBXBuildFile; fileRef = 3CEE345B1EA8966D0047BA5F /* InfraredBrandList.plist */; };
		3CEE34681EAA0E000047BA5F /* FMDBFunctions.swift in Sources */ = {isa = PBXBuildFile; fileRef = 3CEE34671EAA0E000047BA5F /* FMDBFunctions.swift */; };
		3CFB383B1E6FD6D10069AEC6 /* ScaningController.m in Sources */ = {isa = PBXBuildFile; fileRef = 3CFB383A1E6FD6D00069AEC6 /* ScaningController.m */; };
		642597CA1F3AAA6D005635C7 /* ToolsFuntion.m in Sources */ = {isa = PBXBuildFile; fileRef = 642597C31F3AA40E005635C7 /* ToolsFuntion.m */; };
		642597CB1F3AAA6F005635C7 /* BluetoothManager.m in Sources */ = {isa = PBXBuildFile; fileRef = 642597C61F3AA411005635C7 /* BluetoothManager.m */; };
		642597CC1F3AAA78005635C7 /* AUX.json in Resources */ = {isa = PBXBuildFile; fileRef = 642597C11F3AA40C005635C7 /* AUX.json */; };
		642597CD1F3AAA7B005635C7 /* DVD.json in Resources */ = {isa = PBXBuildFile; fileRef = 642597BF1F3AA40B005635C7 /* DVD.json */; };
		642597CE1F3AAA7E005635C7 /* DeviceTypeList.plist in Resources */ = {isa = PBXBuildFile; fileRef = 642597C21F3AA40D005635C7 /* DeviceTypeList.plist */; };
		642597CF1F3AAA81005635C7 /* SAT.json in Resources */ = {isa = PBXBuildFile; fileRef = 642597C91F3AA414005635C7 /* SAT.json */; };
		642597D01F3AAA83005635C7 /* TV.json in Resources */ = {isa = PBXBuildFile; fileRef = 642597C51F3AA410005635C7 /* TV.json */; };
		64CE36C51F3C3C12007C0DF0 /* NSString+StringOperation.m in Sources */ = {isa = PBXBuildFile; fileRef = 642597C81F3AA413005635C7 /* NSString+StringOperation.m */; };
		F1ABEF3C90BFDF926B491356 /* libPods-BinMarker.a in Frameworks */ = {isa = PBXBuildFile; fileRef = B67FA0B07EA4B3430F18242D /* libPods-BinMarker.a */; };
/* End PBXBuildFile section */

/* Begin PBXFileReference section */
		3C0D316F1DDD9D9500D78924 /* BinMarker.app */ = {isa = PBXFileReference; explicitFileType = wrapper.application; includeInIndex = 0; path = BinMarker.app; sourceTree = BUILT_PRODUCTS_DIR; };
		3C0D31731DDD9D9500D78924 /* main.m */ = {isa = PBXFileReference; lastKnownFileType = sourcecode.c.objc; path = main.m; sourceTree = "<group>"; };
		3C0D31751DDD9D9500D78924 /* AppDelegate.h */ = {isa = PBXFileReference; lastKnownFileType = sourcecode.c.h; path = AppDelegate.h; sourceTree = "<group>"; };
		3C0D31761DDD9D9500D78924 /* AppDelegate.m */ = {isa = PBXFileReference; lastKnownFileType = sourcecode.c.objc; path = AppDelegate.m; sourceTree = "<group>"; };
		3C0D317C1DDD9D9500D78924 /* Base */ = {isa = PBXFileReference; lastKnownFileType = file.storyboard; name = Base; path = Base.lproj/Main.storyboard; sourceTree = "<group>"; };
		3C0D317E1DDD9D9500D78924 /* Assets.xcassets */ = {isa = PBXFileReference; lastKnownFileType = folder.assetcatalog; path = Assets.xcassets; sourceTree = "<group>"; };
		3C0D31811DDD9D9500D78924 /* Base */ = {isa = PBXFileReference; lastKnownFileType = file.storyboard; name = Base; path = Base.lproj/LaunchScreen.storyboard; sourceTree = "<group>"; };
		3C0D318A1DDDA3A600D78924 /* MainController.h */ = {isa = PBXFileReference; fileEncoding = 4; lastKnownFileType = sourcecode.c.h; path = MainController.h; sourceTree = "<group>"; };
		3C0D318B1DDDA3A600D78924 /* MainController.m */ = {isa = PBXFileReference; fileEncoding = 4; lastKnownFileType = sourcecode.c.objc; path = MainController.m; sourceTree = "<group>"; };
		3C0D318D1DDEA29F00D78924 /* AddDeviceController.h */ = {isa = PBXFileReference; fileEncoding = 4; lastKnownFileType = sourcecode.c.h; path = AddDeviceController.h; sourceTree = "<group>"; };
		3C0D318E1DDEA29F00D78924 /* AddDeviceController.m */ = {isa = PBXFileReference; fileEncoding = 4; lastKnownFileType = sourcecode.c.objc; path = AddDeviceController.m; sourceTree = "<group>"; };
		3C0D31901DDEDA5C00D78924 /* BinMarker-Bridging-Header.h */ = {isa = PBXFileReference; lastKnownFileType = sourcecode.c.h; path = "BinMarker-Bridging-Header.h"; sourceTree = "<group>"; };
		3C0D31931DDF054F00D78924 /* ChooseBrandController.swift */ = {isa = PBXFileReference; fileEncoding = 4; lastKnownFileType = sourcecode.swift; path = ChooseBrandController.swift; sourceTree = "<group>"; };
		3C125CB21E94903A00D8FB92 /* zh-Hans */ = {isa = PBXFileReference; lastKnownFileType = text.plist.strings; name = "zh-Hans"; path = "zh-Hans.lproj/Main.strings"; sourceTree = "<group>"; };
		3C125CB31E94903A00D8FB92 /* zh-Hans */ = {isa = PBXFileReference; lastKnownFileType = text.plist.strings; name = "zh-Hans"; path = "zh-Hans.lproj/LaunchScreen.strings"; sourceTree = "<group>"; };
		3C125CB51E94909700D8FB92 /* en */ = {isa = PBXFileReference; lastKnownFileType = text.plist.strings; name = en; path = en.lproj/Main.strings; sourceTree = "<group>"; };
		3C125CB71E9490AC00D8FB92 /* en */ = {isa = PBXFileReference; lastKnownFileType = text.plist.strings; name = en; path = en.lproj/LaunchScreen.strings; sourceTree = "<group>"; };
		3C125CB91E94928F00D8FB92 /* FavoriteScrollView.swift */ = {isa = PBXFileReference; fileEncoding = 4; lastKnownFileType = sourcecode.swift; path = FavoriteScrollView.swift; sourceTree = "<group>"; };
		3C125CBD1E94962100D8FB92 /* CommonFunction.swift */ = {isa = PBXFileReference; fileEncoding = 4; lastKnownFileType = sourcecode.swift; path = CommonFunction.swift; sourceTree = "<group>"; };
		3C125CBE1E94962100D8FB92 /* UIButton+touchLimit.h */ = {isa = PBXFileReference; fileEncoding = 4; lastKnownFileType = sourcecode.c.h; path = "UIButton+touchLimit.h"; sourceTree = "<group>"; };
		3C125CBF1E94962100D8FB92 /* UIButton+touchLimit.m */ = {isa = PBXFileReference; fileEncoding = 4; lastKnownFileType = sourcecode.c.objc; path = "UIButton+touchLimit.m"; sourceTree = "<group>"; };
		3C125CC01E94962100D8FB92 /* UIView+AutoFont.h */ = {isa = PBXFileReference; fileEncoding = 4; lastKnownFileType = sourcecode.c.h; path = "UIView+AutoFont.h"; sourceTree = "<group>"; };
		3C125CC11E94962100D8FB92 /* UIView+AutoFont.m */ = {isa = PBXFileReference; fileEncoding = 4; lastKnownFileType = sourcecode.c.objc; path = "UIView+AutoFont.m"; sourceTree = "<group>"; };
		3C125CC21E94962100D8FB92 /* UIViewController+NamePrint.h */ = {isa = PBXFileReference; fileEncoding = 4; lastKnownFileType = sourcecode.c.h; path = "UIViewController+NamePrint.h"; sourceTree = "<group>"; };
		3C125CC31E94962100D8FB92 /* UIViewController+NamePrint.m */ = {isa = PBXFileReference; fileEncoding = 4; lastKnownFileType = sourcecode.c.objc; path = "UIViewController+NamePrint.m"; sourceTree = "<group>"; };
		3C125CC41E94962100D8FB92 /* VoiceManger.swift */ = {isa = PBXFileReference; fileEncoding = 4; lastKnownFileType = sourcecode.swift; path = VoiceManger.swift; sourceTree = "<group>"; };
		3C125CC51E94962100D8FB92 /* BinMakeManger.swift */ = {isa = PBXFileReference; fileEncoding = 4; lastKnownFileType = sourcecode.swift; path = BinMakeManger.swift; sourceTree = "<group>"; };
		3C125CCD1E94990B00D8FB92 /* en */ = {isa = PBXFileReference; lastKnownFileType = text.plist.strings; name = en; path = en.lproj/Localizable.strings; sourceTree = "<group>"; };
		3C125CCF1E94994800D8FB92 /* zh-Hans */ = {isa = PBXFileReference; lastKnownFileType = text.plist.strings; name = "zh-Hans"; path = "zh-Hans.lproj/Localizable.strings"; sourceTree = "<group>"; };
		3C125CD01E94994E00D8FB92 /* Base */ = {isa = PBXFileReference; lastKnownFileType = text.plist.strings; name = Base; path = Base.lproj/Localizable.strings; sourceTree = "<group>"; };
		3C125CD11E949B5100D8FB92 /* zh-Hant */ = {isa = PBXFileReference; lastKnownFileType = text.plist.strings; name = "zh-Hant"; path = "zh-Hant.lproj/Main.strings"; sourceTree = "<group>"; };
		3C125CD21E949B5200D8FB92 /* zh-Hant */ = {isa = PBXFileReference; lastKnownFileType = text.plist.strings; name = "zh-Hant"; path = "zh-Hant.lproj/LaunchScreen.strings"; sourceTree = "<group>"; };
		3C125CD31E949B5200D8FB92 /* zh-Hant */ = {isa = PBXFileReference; lastKnownFileType = text.plist.strings; name = "zh-Hant"; path = "zh-Hant.lproj/Localizable.strings"; sourceTree = "<group>"; };
		3C27460D1E712A5500662A9F /* searching.gif */ = {isa = PBXFileReference; lastKnownFileType = image.gif; path = searching.gif; sourceTree = "<group>"; };
		3C28BD3C1E5D3D9B0028B7BF /* TestController.swift */ = {isa = PBXFileReference; fileEncoding = 4; lastKnownFileType = sourcecode.swift; path = TestController.swift; sourceTree = "<group>"; };
		3C2A725F1E790E2100137EAB /* NSE_Database.sqlite */ = {isa = PBXFileReference; lastKnownFileType = file; name = NSE_Database.sqlite; path = "Bin&SQL/NSE_Database.sqlite"; sourceTree = "<group>"; };
		3C2A72601E790E2100137EAB /* Ir_Remote_ImageB.bin */ = {isa = PBXFileReference; lastKnownFileType = archive.macbinary; name = Ir_Remote_ImageB.bin; path = "Bin&SQL/Ir_Remote_ImageB.bin"; sourceTree = "<group>"; };
		3C2A72611E790E2100137EAB /* 006.bin */ = {isa = PBXFileReference; lastKnownFileType = archive.macbinary; name = 006.bin; path = "Bin&SQL/006.bin"; sourceTree = "<group>"; };
		3C2A72621E790E2100137EAB /* 492.bin */ = {isa = PBXFileReference; lastKnownFileType = archive.macbinary; name = 492.bin; path = "Bin&SQL/492.bin"; sourceTree = "<group>"; };
		3C2A72631E790E2100137EAB /* 531.bin */ = {isa = PBXFileReference; lastKnownFileType = archive.macbinary; name = 531.bin; path = "Bin&SQL/531.bin"; sourceTree = "<group>"; };
		3C2A72641E790E2100137EAB /* 691.bin */ = {isa = PBXFileReference; lastKnownFileType = archive.macbinary; name = 691.bin; path = "Bin&SQL/691.bin"; sourceTree = "<group>"; };
		3C2A72651E790E2100137EAB /* 2009.bin */ = {isa = PBXFileReference; lastKnownFileType = archive.macbinary; name = 2009.bin; path = "Bin&SQL/2009.bin"; sourceTree = "<group>"; };
		3C2A72661E790E2100137EAB /* 2132.bin */ = {isa = PBXFileReference; lastKnownFileType = archive.macbinary; name = 2132.bin; path = "Bin&SQL/2132.bin"; sourceTree = "<group>"; };
		3C2A72671E790E2100137EAB /* 2314.bin */ = {isa = PBXFileReference; lastKnownFileType = archive.macbinary; name = 2314.bin; path = "Bin&SQL/2314.bin"; sourceTree = "<group>"; };
		3C2A72681E790E2100137EAB /* 2787.bin */ = {isa = PBXFileReference; lastKnownFileType = archive.macbinary; name = 2787.bin; path = "Bin&SQL/2787.bin"; sourceTree = "<group>"; };
		3C2A72691E790E2100137EAB /* 3075.bin */ = {isa = PBXFileReference; lastKnownFileType = archive.macbinary; name = 3075.bin; path = "Bin&SQL/3075.bin"; sourceTree = "<group>"; };
		3C2A726A1E790E2100137EAB /* 6014.bin */ = {isa = PBXFileReference; lastKnownFileType = archive.macbinary; name = 6014.bin; path = "Bin&SQL/6014.bin"; sourceTree = "<group>"; };
		3C2A726B1E790E2100137EAB /* 6123.bin */ = {isa = PBXFileReference; lastKnownFileType = archive.macbinary; name = 6123.bin; path = "Bin&SQL/6123.bin"; sourceTree = "<group>"; };
		3C2A726C1E790E2100137EAB /* 8078.bin */ = {isa = PBXFileReference; lastKnownFileType = archive.macbinary; name = 8078.bin; path = "Bin&SQL/8078.bin"; sourceTree = "<group>"; };
		3C2A726D1E790E2100137EAB /* P14AAA_0A.bin */ = {isa = PBXFileReference; lastKnownFileType = archive.macbinary; name = P14AAA_0A.bin; path = "Bin&SQL/P14AAA_0A.bin"; sourceTree = "<group>"; };
		3C2A726E1E790E2100137EAB /* P14AAA_03.bin */ = {isa = PBXFileReference; lastKnownFileType = archive.macbinary; name = P14AAA_03.bin; path = "Bin&SQL/P14AAA_03.bin"; sourceTree = "<group>"; };
		3C2A726F1E790E2100137EAB /* P14AAA_16.bin */ = {isa = PBXFileReference; lastKnownFileType = archive.macbinary; name = P14AAA_16.bin; path = "Bin&SQL/P14AAA_16.bin"; sourceTree = "<group>"; };
		3C2A72701E790E2100137EAB /* T32DBA_01FE.bin */ = {isa = PBXFileReference; lastKnownFileType = archive.macbinary; name = T32DBA_01FE.bin; path = "Bin&SQL/T32DBA_01FE.bin"; sourceTree = "<group>"; };
		3C2A72711E790E2100137EAB /* T32DBA_08FE.bin */ = {isa = PBXFileReference; lastKnownFileType = archive.macbinary; name = T32DBA_08FE.bin; path = "Bin&SQL/T32DBA_08FE.bin"; sourceTree = "<group>"; };
		3C2A72721E790E2100137EAB /* T32DBA_40EF.bin */ = {isa = PBXFileReference; lastKnownFileType = archive.macbinary; name = T32DBA_40EF.bin; path = "Bin&SQL/T32DBA_40EF.bin"; sourceTree = "<group>"; };
		3C2A72901E794FA500137EAB /* Infrared_Datebase.sqlite */ = {isa = PBXFileReference; lastKnownFileType = file; path = Infrared_Datebase.sqlite; sourceTree = "<group>"; };
		3C2A72921E7A824900137EAB /* CoreTelephony.framework */ = {isa = PBXFileReference; lastKnownFileType = wrapper.framework; name = CoreTelephony.framework; path = System/Library/Frameworks/CoreTelephony.framework; sourceTree = SDKROOT; };
		3C2A72941E7A825300137EAB /* OpenGLES.framework */ = {isa = PBXFileReference; lastKnownFileType = wrapper.framework; name = OpenGLES.framework; path = System/Library/Frameworks/OpenGLES.framework; sourceTree = SDKROOT; };
		3C2A72961E7A825A00137EAB /* AVFoundation.framework */ = {isa = PBXFileReference; lastKnownFileType = wrapper.framework; name = AVFoundation.framework; path = System/Library/Frameworks/AVFoundation.framework; sourceTree = SDKROOT; };
		3C2A72981E7A826100137EAB /* SystemConfiguration.framework */ = {isa = PBXFileReference; lastKnownFileType = wrapper.framework; name = SystemConfiguration.framework; path = System/Library/Frameworks/SystemConfiguration.framework; sourceTree = SDKROOT; };
		3C2A729A1E7A826700137EAB /* CoreMotion.framework */ = {isa = PBXFileReference; lastKnownFileType = wrapper.framework; name = CoreMotion.framework; path = System/Library/Frameworks/CoreMotion.framework; sourceTree = SDKROOT; };
		3C2A729E1E7A920B00137EAB /* libz.tbd */ = {isa = PBXFileReference; lastKnownFileType = "sourcecode.text-based-dylib-definition"; name = libz.tbd; path = usr/lib/libz.tbd; sourceTree = SDKROOT; };
		3C2A72A01E7A922300137EAB /* libc++.tbd */ = {isa = PBXFileReference; lastKnownFileType = "sourcecode.text-based-dylib-definition"; name = "libc++.tbd"; path = "usr/lib/libc++.tbd"; sourceTree = SDKROOT; };
		3C2A72A41E7BBBA800137EAB /* SettingController.swift */ = {isa = PBXFileReference; fileEncoding = 4; lastKnownFileType = sourcecode.swift; path = SettingController.swift; sourceTree = "<group>"; };
		3C316F5F1EBC82D4005D30E1 /* FavoriteInfo.swift */ = {isa = PBXFileReference; fileEncoding = 4; lastKnownFileType = sourcecode.swift; path = FavoriteInfo.swift; sourceTree = "<group>"; };
		3C33FA2E1EB072C800432C8C /* DeviceInfo.swift */ = {isa = PBXFileReference; fileEncoding = 4; lastKnownFileType = sourcecode.swift; name = DeviceInfo.swift; path = Model/DeviceInfo.swift; sourceTree = "<group>"; };
		3C38B2E31ED290FF0082DB3B /* VoiceCommand.plist */ = {isa = PBXFileReference; fileEncoding = 4; lastKnownFileType = text.plist.xml; path = VoiceCommand.plist; sourceTree = "<group>"; };
		3C3A11C91E73A64F00C9E9E3 /* BOXController.swift */ = {isa = PBXFileReference; fileEncoding = 4; lastKnownFileType = sourcecode.swift; name = BOXController.swift; path = Devices/BOXController.swift; sourceTree = "<group>"; };
		3C3A11CB1E762F5700C9E9E3 /* AMPController.swift */ = {isa = PBXFileReference; fileEncoding = 4; lastKnownFileType = sourcecode.swift; name = AMPController.swift; path = Devices/AMPController.swift; sourceTree = "<group>"; };
		3C43FADE1E88EB9500F01330 /* AddressBook.framework */ = {isa = PBXFileReference; lastKnownFileType = wrapper.framework; name = AddressBook.framework; path = System/Library/Frameworks/AddressBook.framework; sourceTree = SDKROOT; };
		3C43FAE01E88EBC400F01330 /* AudioToolbox.framework */ = {isa = PBXFileReference; lastKnownFileType = wrapper.framework; name = AudioToolbox.framework; path = System/Library/Frameworks/AudioToolbox.framework; sourceTree = SDKROOT; };
		3C43FAE21E88EBD900F01330 /* CoreGraphics.framework */ = {isa = PBXFileReference; lastKnownFileType = wrapper.framework; name = CoreGraphics.framework; path = System/Library/Frameworks/CoreGraphics.framework; sourceTree = SDKROOT; };
		3C43FAE41E88EBFB00F01330 /* CoreLocation.framework */ = {isa = PBXFileReference; lastKnownFileType = wrapper.framework; name = CoreLocation.framework; path = System/Library/Frameworks/CoreLocation.framework; sourceTree = SDKROOT; };
		3C43FAE61E88EC0D00F01330 /* QuartzCore.framework */ = {isa = PBXFileReference; lastKnownFileType = wrapper.framework; name = QuartzCore.framework; path = System/Library/Frameworks/QuartzCore.framework; sourceTree = SDKROOT; };
		3C43FAE81E88EC1C00F01330 /* UIKit.framework */ = {isa = PBXFileReference; lastKnownFileType = wrapper.framework; name = UIKit.framework; path = System/Library/Frameworks/UIKit.framework; sourceTree = SDKROOT; };
		3C43FAEA1E88EC2D00F01330 /* Foundation.framework */ = {isa = PBXFileReference; lastKnownFileType = wrapper.framework; name = Foundation.framework; path = System/Library/Frameworks/Foundation.framework; sourceTree = SDKROOT; };
		3C43FAEC1E88ED2300F01330 /* libz.1.dylib */ = {isa = PBXFileReference; lastKnownFileType = "compiled.mach-o.dylib"; name = libz.1.dylib; path = ../../../../../usr/lib/libz.1.dylib; sourceTree = "<group>"; };
		3C43FAEE1E88EEAD00F01330 /* Contacts.framework */ = {isa = PBXFileReference; lastKnownFileType = wrapper.framework; name = Contacts.framework; path = System/Library/Frameworks/Contacts.framework; sourceTree = SDKROOT; };
		3C482FDF1E8C985600012E7D /* LoginController.swift */ = {isa = PBXFileReference; fileEncoding = 4; lastKnownFileType = sourcecode.swift; path = LoginController.swift; sourceTree = "<group>"; };
		3C482FE41E8CFB7100012E7D /* LoginRegeditController.swift */ = {isa = PBXFileReference; fileEncoding = 4; lastKnownFileType = sourcecode.swift; path = LoginRegeditController.swift; sourceTree = "<group>"; };
		3C482FE61E8D0F1B00012E7D /* UserInfoController.swift */ = {isa = PBXFileReference; fileEncoding = 4; lastKnownFileType = sourcecode.swift; path = UserInfoController.swift; sourceTree = "<group>"; };
		3C482FEA1E8E5FB300012E7D /* TVBOXTimeSetting.swift */ = {isa = PBXFileReference; fileEncoding = 4; lastKnownFileType = sourcecode.swift; path = TVBOXTimeSetting.swift; sourceTree = "<group>"; };
		3C4C878D1EB2E5F300495F97 /* NetWorkingManager.h */ = {isa = PBXFileReference; fileEncoding = 4; lastKnownFileType = sourcecode.c.h; path = NetWorkingManager.h; sourceTree = "<group>"; };
		3C4C878E1EB2E5F300495F97 /* NetWorkingManager.m */ = {isa = PBXFileReference; fileEncoding = 4; lastKnownFileType = sourcecode.c.objc; path = NetWorkingManager.m; sourceTree = "<group>"; };
		3C4C87901EB2E96700495F97 /* UserFunction.swift */ = {isa = PBXFileReference; fileEncoding = 4; lastKnownFileType = sourcecode.swift; path = UserFunction.swift; sourceTree = "<group>"; };
		3C4C87921EB319EF00495F97 /* UserInfo.swift */ = {isa = PBXFileReference; fileEncoding = 4; lastKnownFileType = sourcecode.swift; name = UserInfo.swift; path = Model/UserInfo.swift; sourceTree = "<group>"; };
		3C4F514F1E7394CF007E32F2 /* DVDController.swift */ = {isa = PBXFileReference; fileEncoding = 4; lastKnownFileType = sourcecode.swift; name = DVDController.swift; path = Devices/DVDController.swift; sourceTree = "<group>"; };
		3C503FDF1EBC6FBF006D0F2D /* HTTPFuntion.swift */ = {isa = PBXFileReference; fileEncoding = 4; lastKnownFileType = sourcecode.swift; path = HTTPFuntion.swift; sourceTree = "<group>"; };
		3C589D861E5FD107002D3637 /* CoreBluetooth.framework */ = {isa = PBXFileReference; lastKnownFileType = wrapper.framework; name = CoreBluetooth.framework; path = System/Library/Frameworks/CoreBluetooth.framework; sourceTree = SDKROOT; };
		3C5A29811ECC1F6C00C2F674 /* ChildrenModeController.swift */ = {isa = PBXFileReference; fileEncoding = 4; lastKnownFileType = sourcecode.swift; path = ChildrenModeController.swift; sourceTree = "<group>"; };
		3C5A29831ECC5CCB00C2F674 /* ChildrenSettingController.swift */ = {isa = PBXFileReference; fileEncoding = 4; lastKnownFileType = sourcecode.swift; path = ChildrenSettingController.swift; sourceTree = "<group>"; };
		3CB922401EFD0EAB002F6E32 /* iflyMSC.framework */ = {isa = PBXFileReference; lastKnownFileType = wrapper.framework; path = iflyMSC.framework; sourceTree = "<group>"; };
		3CC2D6761EA1BE32006DF2BE /* Base */ = {isa = PBXFileReference; lastKnownFileType = file.storyboard; name = Base; path = Base.lproj/AddDevice.storyboard; sourceTree = "<group>"; };
		3CC2D6791EA1D189006DF2BE /* Base */ = {isa = PBXFileReference; lastKnownFileType = file.storyboard; name = Base; path = "Base.lproj/TV&SAT.storyboard"; sourceTree = "<group>"; };
		3CCF5C591E9768F700BFC567 /* TVController.swift */ = {isa = PBXFileReference; fileEncoding = 4; lastKnownFileType = sourcecode.swift; name = TVController.swift; path = Devices/TVController.swift; sourceTree = "<group>"; };
		3CDD64C41EB1F72200AD1599 /* HTTPForSoapFunction.swift */ = {isa = PBXFileReference; fileEncoding = 4; lastKnownFileType = sourcecode.swift; path = HTTPForSoapFunction.swift; sourceTree = "<group>"; };
		3CE4EA211EA74B77005D0CC7 /* FavoriteSubScroll.swift */ = {isa = PBXFileReference; fileEncoding = 4; lastKnownFileType = sourcecode.swift; path = FavoriteSubScroll.swift; sourceTree = "<group>"; };
		3CEE34521EA8963A0047BA5F /* en */ = {isa = PBXFileReference; lastKnownFileType = text.plist.strings; name = en; path = "en.lproj/TV&SAT.strings"; sourceTree = "<group>"; };
		3CEE34541EA896460047BA5F /* zh-Hans */ = {isa = PBXFileReference; lastKnownFileType = text.plist.strings; name = "zh-Hans"; path = "zh-Hans.lproj/TV&SAT.strings"; sourceTree = "<group>"; };
		3CEE34561EA8964D0047BA5F /* en */ = {isa = PBXFileReference; lastKnownFileType = text.plist.strings; name = en; path = en.lproj/AddDevice.strings; sourceTree = "<group>"; };
		3CEE34581EA896530047BA5F /* zh-Hans */ = {isa = PBXFileReference; lastKnownFileType = text.plist.strings; name = "zh-Hans"; path = "zh-Hans.lproj/AddDevice.strings"; sourceTree = "<group>"; };
		3CEE345A1EA8966D0047BA5F /* Base */ = {isa = PBXFileReference; lastKnownFileType = text.plist.xml; name = Base; path = Base.lproj/InfraredBrandList.plist; sourceTree = "<group>"; };
		3CEE345C1EA896700047BA5F /* en */ = {isa = PBXFileReference; lastKnownFileType = text.plist.xml; name = en; path = en.lproj/InfraredBrandList.plist; sourceTree = "<group>"; };
		3CEE345D1EA896710047BA5F /* zh-Hans */ = {isa = PBXFileReference; lastKnownFileType = text.plist.xml; name = "zh-Hans"; path = "zh-Hans.lproj/InfraredBrandList.plist"; sourceTree = "<group>"; };
		3CEE345E1EA8969A0047BA5F /* Base */ = {isa = PBXFileReference; lastKnownFileType = text.plist.xml; name = Base; path = Base.lproj/Info.plist; sourceTree = "<group>"; };
		3CEE34601EA896A80047BA5F /* en */ = {isa = PBXFileReference; lastKnownFileType = text.plist.xml; name = en; path = en.lproj/Info.plist; sourceTree = "<group>"; };
		3CEE34611EA896A90047BA5F /* zh-Hans */ = {isa = PBXFileReference; lastKnownFileType = text.plist.xml; name = "zh-Hans"; path = "zh-Hans.lproj/Info.plist"; sourceTree = "<group>"; };
		3CEE34621EA8974E0047BA5F /* zh-Hant */ = {isa = PBXFileReference; lastKnownFileType = text.plist.xml; name = "zh-Hant"; path = "zh-Hant.lproj/Info.plist"; sourceTree = "<group>"; };
		3CEE34671EAA0E000047BA5F /* FMDBFunctions.swift */ = {isa = PBXFileReference; fileEncoding = 4; lastKnownFileType = sourcecode.swift; path = FMDBFunctions.swift; sourceTree = "<group>"; };
		3CFB38391E6FD6D00069AEC6 /* ScaningController.h */ = {isa = PBXFileReference; fileEncoding = 4; lastKnownFileType = sourcecode.c.h; path = ScaningController.h; sourceTree = "<group>"; };
		3CFB383A1E6FD6D00069AEC6 /* ScaningController.m */ = {isa = PBXFileReference; fileEncoding = 4; lastKnownFileType = sourcecode.c.objc; path = ScaningController.m; sourceTree = "<group>"; };
		642597BF1F3AA40B005635C7 /* DVD.json */ = {isa = PBXFileReference; lastKnownFileType = text.json; path = DVD.json; sourceTree = "<group>"; };
		642597C01F3AA40C005635C7 /* NSString+StringOperation.h */ = {isa = PBXFileReference; lastKnownFileType = sourcecode.c.h; path = "NSString+StringOperation.h"; sourceTree = "<group>"; };
		642597C11F3AA40C005635C7 /* AUX.json */ = {isa = PBXFileReference; lastKnownFileType = text.json; path = AUX.json; sourceTree = "<group>"; };
		642597C21F3AA40D005635C7 /* DeviceTypeList.plist */ = {isa = PBXFileReference; lastKnownFileType = text.plist.xml; path = DeviceTypeList.plist; sourceTree = "<group>"; };
		642597C31F3AA40E005635C7 /* ToolsFuntion.m */ = {isa = PBXFileReference; lastKnownFileType = sourcecode.c.objc; path = ToolsFuntion.m; sourceTree = "<group>"; };
		642597C41F3AA40F005635C7 /* ToolsFuntion.h */ = {isa = PBXFileReference; lastKnownFileType = sourcecode.c.h; path = ToolsFuntion.h; sourceTree = "<group>"; };
		642597C51F3AA410005635C7 /* TV.json */ = {isa = PBXFileReference; lastKnownFileType = text.json; path = TV.json; sourceTree = "<group>"; };
		642597C61F3AA411005635C7 /* BluetoothManager.m */ = {isa = PBXFileReference; lastKnownFileType = sourcecode.c.objc; path = BluetoothManager.m; sourceTree = "<group>"; };
		642597C71F3AA412005635C7 /* BluetoothManager.h */ = {isa = PBXFileReference; lastKnownFileType = sourcecode.c.h; path = BluetoothManager.h; sourceTree = "<group>"; };
		642597C81F3AA413005635C7 /* NSString+StringOperation.m */ = {isa = PBXFileReference; lastKnownFileType = sourcecode.c.objc; path = "NSString+StringOperation.m"; sourceTree = "<group>"; };
		642597C91F3AA414005635C7 /* SAT.json */ = {isa = PBXFileReference; lastKnownFileType = text.json; path = SAT.json; sourceTree = "<group>"; };
		6F8FA3D48EBE9487D67E5777 /* Pods-BinMarker.release.xcconfig */ = {isa = PBXFileReference; includeInIndex = 1; lastKnownFileType = text.xcconfig; name = "Pods-BinMarker.release.xcconfig"; path = "Pods/Target Support Files/Pods-BinMarker/Pods-BinMarker.release.xcconfig"; sourceTree = "<group>"; };
		B67FA0B07EA4B3430F18242D /* libPods-BinMarker.a */ = {isa = PBXFileReference; explicitFileType = archive.ar; includeInIndex = 0; path = "libPods-BinMarker.a"; sourceTree = BUILT_PRODUCTS_DIR; };
		C0B06F660B7C0797452319BB /* Pods-BinMarker.debug.xcconfig */ = {isa = PBXFileReference; includeInIndex = 1; lastKnownFileType = text.xcconfig; name = "Pods-BinMarker.debug.xcconfig"; path = "Pods/Target Support Files/Pods-BinMarker/Pods-BinMarker.debug.xcconfig"; sourceTree = "<group>"; };
/* End PBXFileReference section */

/* Begin PBXFrameworksBuildPhase section */
		3C0D316C1DDD9D9400D78924 /* Frameworks */ = {
			isa = PBXFrameworksBuildPhase;
			buildActionMask = 2147483647;
			files = (
				3C43FAEF1E88EEAD00F01330 /* Contacts.framework in Frameworks */,
				3C43FAED1E88ED2300F01330 /* libz.1.dylib in Frameworks */,
				3C43FAEB1E88EC2D00F01330 /* Foundation.framework in Frameworks */,
				3C43FAE91E88EC1C00F01330 /* UIKit.framework in Frameworks */,
				3C43FAE71E88EC0D00F01330 /* QuartzCore.framework in Frameworks */,
				3C43FAE51E88EBFB00F01330 /* CoreLocation.framework in Frameworks */,
				3C43FAE31E88EBD900F01330 /* CoreGraphics.framework in Frameworks */,
				3CB922411EFD0EAB002F6E32 /* iflyMSC.framework in Frameworks */,
				3C43FAE11E88EBC400F01330 /* AudioToolbox.framework in Frameworks */,
				3C43FADF1E88EB9500F01330 /* AddressBook.framework in Frameworks */,
				3C2A72A11E7A922300137EAB /* libc++.tbd in Frameworks */,
				3C2A729F1E7A920B00137EAB /* libz.tbd in Frameworks */,
				3C2A729B1E7A826700137EAB /* CoreMotion.framework in Frameworks */,
				3C2A72991E7A826100137EAB /* SystemConfiguration.framework in Frameworks */,
				3C2A72971E7A825A00137EAB /* AVFoundation.framework in Frameworks */,
				3C2A72951E7A825300137EAB /* OpenGLES.framework in Frameworks */,
				3C2A72931E7A824A00137EAB /* CoreTelephony.framework in Frameworks */,
				3C589D871E5FD107002D3637 /* CoreBluetooth.framework in Frameworks */,
				F1ABEF3C90BFDF926B491356 /* libPods-BinMarker.a in Frameworks */,
			);
			runOnlyForDeploymentPostprocessing = 0;
		};
/* End PBXFrameworksBuildPhase section */

/* Begin PBXGroup section */
		3C0D31661DDD9D9400D78924 = {
			isa = PBXGroup;
			children = (
				3C0D31711DDD9D9500D78924 /* BinMarker */,
				3C0D31701DDD9D9500D78924 /* Products */,
				C93512C1FF97EC979024132C /* Pods */,
				D87B68AA47A996CB743B73D7 /* Frameworks */,
			);
			sourceTree = "<group>";
		};
		3C0D31701DDD9D9500D78924 /* Products */ = {
			isa = PBXGroup;
			children = (
				3C0D316F1DDD9D9500D78924 /* BinMarker.app */,
			);
			name = Products;
			sourceTree = "<group>";
		};
		3C0D31711DDD9D9500D78924 /* BinMarker */ = {
			isa = PBXGroup;
			children = (
				3C33FA301EB0744400432C8C /* StoryBoard */,
				3C33FA2D1EB0728C00432C8C /* Model */,
				3CCB1AF71E810BCC000C3A80 /* Extension */,
				3C72B6E91E7159F50088925F /* old */,
				3C589D7A1E5FCDA3002D3637 /* Lib */,
				3C0D31891DDDA38800D78924 /* List */,
				3C0D31751DDD9D9500D78924 /* AppDelegate.h */,
				3C0D31761DDD9D9500D78924 /* AppDelegate.m */,
				3C0D317E1DDD9D9500D78924 /* Assets.xcassets */,
				3CEE345F1EA8969A0047BA5F /* Info.plist */,
				3C0D31721DDD9D9500D78924 /* Supporting Files */,
			);
			path = BinMarker;
			sourceTree = "<group>";
		};
		3C0D31721DDD9D9500D78924 /* Supporting Files */ = {
			isa = PBXGroup;
			children = (
				3C25C4AB1E6550DB009B6D34 /* bin */,
				3C0D31731DDD9D9500D78924 /* main.m */,
				3C125CCE1E94990B00D8FB92 /* Localizable.strings */,
			);
			name = "Supporting Files";
			sourceTree = "<group>";
		};
		3C0D31891DDDA38800D78924 /* List */ = {
			isa = PBXGroup;
			children = (
				3C1CDFDC1E8F81910026F856 /* User */,
				3C1CDFDB1E8F817E0026F856 /* Add */,
				3C72B6EA1E728A000088925F /* Devices */,
				3C0D318A1DDDA3A600D78924 /* MainController.h */,
				3C0D318B1DDDA3A600D78924 /* MainController.m */,
				3C0D31901DDEDA5C00D78924 /* BinMarker-Bridging-Header.h */,
				3CFB38391E6FD6D00069AEC6 /* ScaningController.h */,
				3CFB383A1E6FD6D00069AEC6 /* ScaningController.m */,
				3C2A72A41E7BBBA800137EAB /* SettingController.swift */,
			);
			name = List;
			sourceTree = "<group>";
		};
		3C1CDFDB1E8F817E0026F856 /* Add */ = {
			isa = PBXGroup;
			children = (
				3C0D318D1DDEA29F00D78924 /* AddDeviceController.h */,
				3C0D318E1DDEA29F00D78924 /* AddDeviceController.m */,
				3C0D31931DDF054F00D78924 /* ChooseBrandController.swift */,
				3C28BD3C1E5D3D9B0028B7BF /* TestController.swift */,
			);
			name = Add;
			sourceTree = "<group>";
		};
		3C1CDFDC1E8F81910026F856 /* User */ = {
			isa = PBXGroup;
			children = (
				3C482FDF1E8C985600012E7D /* LoginController.swift */,
				3C482FE41E8CFB7100012E7D /* LoginRegeditController.swift */,
				3C482FE61E8D0F1B00012E7D /* UserInfoController.swift */,
				3C5A29811ECC1F6C00C2F674 /* ChildrenModeController.swift */,
				3C5A29831ECC5CCB00C2F674 /* ChildrenSettingController.swift */,
			);
			name = User;
			sourceTree = "<group>";
		};
		3C25C4AB1E6550DB009B6D34 /* bin */ = {
			isa = PBXGroup;
			children = (
				3C2A72901E794FA500137EAB /* Infrared_Datebase.sqlite */,
				3C2A725F1E790E2100137EAB /* NSE_Database.sqlite */,
				3C2A72601E790E2100137EAB /* Ir_Remote_ImageB.bin */,
				3C2A72611E790E2100137EAB /* 006.bin */,
				3C2A72621E790E2100137EAB /* 492.bin */,
				3C2A72631E790E2100137EAB /* 531.bin */,
				3C2A72641E790E2100137EAB /* 691.bin */,
				3C2A72651E790E2100137EAB /* 2009.bin */,
				3C2A72661E790E2100137EAB /* 2132.bin */,
				3C2A72671E790E2100137EAB /* 2314.bin */,
				3C2A72681E790E2100137EAB /* 2787.bin */,
				3C2A72691E790E2100137EAB /* 3075.bin */,
				3C2A726A1E790E2100137EAB /* 6014.bin */,
				3C2A726B1E790E2100137EAB /* 6123.bin */,
				3C2A726C1E790E2100137EAB /* 8078.bin */,
				3C2A726D1E790E2100137EAB /* P14AAA_0A.bin */,
				3C2A726E1E790E2100137EAB /* P14AAA_03.bin */,
				3C2A726F1E790E2100137EAB /* P14AAA_16.bin */,
				3C2A72701E790E2100137EAB /* T32DBA_01FE.bin */,
				3C2A72711E790E2100137EAB /* T32DBA_08FE.bin */,
				3C2A72721E790E2100137EAB /* T32DBA_40EF.bin */,
			);
			name = bin;
			sourceTree = "<group>";
		};
		3C33FA2D1EB0728C00432C8C /* Model */ = {
			isa = PBXGroup;
			children = (
				3C33FA2E1EB072C800432C8C /* DeviceInfo.swift */,
				3C4C87921EB319EF00495F97 /* UserInfo.swift */,
				3C316F5F1EBC82D4005D30E1 /* FavoriteInfo.swift */,
			);
			name = Model;
			sourceTree = "<group>";
		};
		3C33FA301EB0744400432C8C /* StoryBoard */ = {
			isa = PBXGroup;
			children = (
				3C0D317B1DDD9D9500D78924 /* Main.storyboard */,
				3CC2D6781EA1D189006DF2BE /* TV&SAT.storyboard */,
				3CC2D6751EA1BE32006DF2BE /* AddDevice.storyboard */,
				3C0D31801DDD9D9500D78924 /* LaunchScreen.storyboard */,
			);
			name = StoryBoard;
			sourceTree = "<group>";
		};
		3C589D7A1E5FCDA3002D3637 /* Lib */ = {
			isa = PBXGroup;
			children = (
				642597BE1F3AA3D6005635C7 /* BlueTooth */,
				3CB922401EFD0EAB002F6E32 /* iflyMSC.framework */,
				3CEE345B1EA8966D0047BA5F /* InfraredBrandList.plist */,
				3C27460D1E712A5500662A9F /* searching.gif */,
				3C38B2E31ED290FF0082DB3B /* VoiceCommand.plist */,
			);
			name = Lib;
			sourceTree = "<group>";
		};
		3C72B6E91E7159F50088925F /* old */ = {
			isa = PBXGroup;
			children = (
			);
			name = old;
			sourceTree = "<group>";
		};
		3C72B6EA1E728A000088925F /* Devices */ = {
			isa = PBXGroup;
			children = (
				3C482FEA1E8E5FB300012E7D /* TVBOXTimeSetting.swift */,
				3CCF5C591E9768F700BFC567 /* TVController.swift */,
				3C4F514F1E7394CF007E32F2 /* DVDController.swift */,
				3C3A11CB1E762F5700C9E9E3 /* AMPController.swift */,
				3C3A11C91E73A64F00C9E9E3 /* BOXController.swift */,
				3CE4EA211EA74B77005D0CC7 /* FavoriteSubScroll.swift */,
			);
			name = Devices;
			sourceTree = "<group>";
		};
		3CCB1AF71E810BCC000C3A80 /* Extension */ = {
			isa = PBXGroup;
			children = (
				3C125CBD1E94962100D8FB92 /* CommonFunction.swift */,
				3C125CBE1E94962100D8FB92 /* UIButton+touchLimit.h */,
				3C125CBF1E94962100D8FB92 /* UIButton+touchLimit.m */,
				3C125CC01E94962100D8FB92 /* UIView+AutoFont.h */,
				3C125CC11E94962100D8FB92 /* UIView+AutoFont.m */,
				3C125CC21E94962100D8FB92 /* UIViewController+NamePrint.h */,
				3C125CC31E94962100D8FB92 /* UIViewController+NamePrint.m */,
				3C125CC41E94962100D8FB92 /* VoiceManger.swift */,
				3C125CC51E94962100D8FB92 /* BinMakeManger.swift */,
				3C4C878D1EB2E5F300495F97 /* NetWorkingManager.h */,
				3C4C878E1EB2E5F300495F97 /* NetWorkingManager.m */,
				3C125CB91E94928F00D8FB92 /* FavoriteScrollView.swift */,
				3CEE34671EAA0E000047BA5F /* FMDBFunctions.swift */,
				3CDD64C41EB1F72200AD1599 /* HTTPForSoapFunction.swift */,
				3C4C87901EB2E96700495F97 /* UserFunction.swift */,
				3C503FDF1EBC6FBF006D0F2D /* HTTPFuntion.swift */,
			);
			path = Extension;
			sourceTree = "<group>";
		};
		642597BE1F3AA3D6005635C7 /* BlueTooth */ = {
			isa = PBXGroup;
			children = (
				642597C11F3AA40C005635C7 /* AUX.json */,
				642597C91F3AA414005635C7 /* SAT.json */,
				642597BF1F3AA40B005635C7 /* DVD.json */,
				642597C51F3AA410005635C7 /* TV.json */,
				642597C71F3AA412005635C7 /* BluetoothManager.h */,
				642597C61F3AA411005635C7 /* BluetoothManager.m */,
				642597C21F3AA40D005635C7 /* DeviceTypeList.plist */,
				642597C01F3AA40C005635C7 /* NSString+StringOperation.h */,
				642597C81F3AA413005635C7 /* NSString+StringOperation.m */,
				642597C41F3AA40F005635C7 /* ToolsFuntion.h */,
				642597C31F3AA40E005635C7 /* ToolsFuntion.m */,
			);
			path = BlueTooth;
			sourceTree = "<group>";
		};
		C93512C1FF97EC979024132C /* Pods */ = {
			isa = PBXGroup;
			children = (
				C0B06F660B7C0797452319BB /* Pods-BinMarker.debug.xcconfig */,
				6F8FA3D48EBE9487D67E5777 /* Pods-BinMarker.release.xcconfig */,
			);
			name = Pods;
			sourceTree = "<group>";
		};
		D87B68AA47A996CB743B73D7 /* Frameworks */ = {
			isa = PBXGroup;
			children = (
				3C43FAEE1E88EEAD00F01330 /* Contacts.framework */,
				3C43FAEC1E88ED2300F01330 /* libz.1.dylib */,
				3C43FAEA1E88EC2D00F01330 /* Foundation.framework */,
				3C43FAE81E88EC1C00F01330 /* UIKit.framework */,
				3C43FAE61E88EC0D00F01330 /* QuartzCore.framework */,
				3C43FAE41E88EBFB00F01330 /* CoreLocation.framework */,
				3C43FAE21E88EBD900F01330 /* CoreGraphics.framework */,
				3C43FAE01E88EBC400F01330 /* AudioToolbox.framework */,
				3C43FADE1E88EB9500F01330 /* AddressBook.framework */,
				3C2A72A01E7A922300137EAB /* libc++.tbd */,
				3C2A729E1E7A920B00137EAB /* libz.tbd */,
				3C2A729A1E7A826700137EAB /* CoreMotion.framework */,
				3C2A72981E7A826100137EAB /* SystemConfiguration.framework */,
				3C2A72961E7A825A00137EAB /* AVFoundation.framework */,
				3C2A72941E7A825300137EAB /* OpenGLES.framework */,
				3C2A72921E7A824900137EAB /* CoreTelephony.framework */,
				3C589D861E5FD107002D3637 /* CoreBluetooth.framework */,
				B67FA0B07EA4B3430F18242D /* libPods-BinMarker.a */,
			);
			name = Frameworks;
			sourceTree = "<group>";
		};
/* End PBXGroup section */

/* Begin PBXNativeTarget section */
		3C0D316E1DDD9D9400D78924 /* BinMarker */ = {
			isa = PBXNativeTarget;
			buildConfigurationList = 3C0D31861DDD9D9500D78924 /* Build configuration list for PBXNativeTarget "BinMarker" */;
			buildPhases = (
				71CFB5528B851F6ADD2A19B5 /* [CP] Check Pods Manifest.lock */,
				3C0D316B1DDD9D9400D78924 /* Sources */,
				3C0D316C1DDD9D9400D78924 /* Frameworks */,
				3C0D316D1DDD9D9400D78924 /* Resources */,
				AE2976ED3E76D9DCDA67BD7C /* [CP] Embed Pods Frameworks */,
				D66DC7A0FF4305940CCA1B6B /* [CP] Copy Pods Resources */,
			);
			buildRules = (
			);
			dependencies = (
			);
			name = BinMarker;
			productName = BinMarker;
			productReference = 3C0D316F1DDD9D9500D78924 /* BinMarker.app */;
			productType = "com.apple.product-type.application";
		};
/* End PBXNativeTarget section */

/* Begin PBXProject section */
		3C0D31671DDD9D9400D78924 /* Project object */ = {
			isa = PBXProject;
			attributes = {
				LastUpgradeCheck = 0820;
				ORGANIZATIONNAME = "彭子上";
				TargetAttributes = {
					3C0D316E1DDD9D9400D78924 = {
						CreatedOnToolsVersion = 8.2;
						DevelopmentTeam = LD2KPD7UX3;
						LastSwiftMigration = 0820;
						ProvisioningStyle = Automatic;
					};
				};
			};
			buildConfigurationList = 3C0D316A1DDD9D9400D78924 /* Build configuration list for PBXProject "BinMarker" */;
			compatibilityVersion = "Xcode 3.2";
			developmentRegion = English;
			hasScannedForEncodings = 0;
			knownRegions = (
				en,
				Base,
				"zh-Hans",
				"zh-Hant",
			);
			mainGroup = 3C0D31661DDD9D9400D78924;
			productRefGroup = 3C0D31701DDD9D9500D78924 /* Products */;
			projectDirPath = "";
			projectRoot = "";
			targets = (
				3C0D316E1DDD9D9400D78924 /* BinMarker */,
			);
		};
/* End PBXProject section */

/* Begin PBXResourcesBuildPhase section */
		3C0D316D1DDD9D9400D78924 /* Resources */ = {
			isa = PBXResourcesBuildPhase;
			buildActionMask = 2147483647;
			files = (
				3C2A72751E790E2100137EAB /* 006.bin in Resources */,
				3C2A72841E790E2100137EAB /* T32DBA_01FE.bin in Resources */,
				3C2A727F1E790E2100137EAB /* 6123.bin in Resources */,
				3C2A72791E790E2100137EAB /* 2009.bin in Resources */,
				3C2A72831E790E2100137EAB /* P14AAA_16.bin in Resources */,
				3C38B2E41ED291000082DB3B /* VoiceCommand.plist in Resources */,
				3C2A727D1E790E2100137EAB /* 3075.bin in Resources */,
				3C2A72771E790E2100137EAB /* 531.bin in Resources */,
				3CC2D6771EA1BE32006DF2BE /* AddDevice.storyboard in Resources */,
				3C2A72761E790E2100137EAB /* 492.bin in Resources */,
				642597CC1F3AAA78005635C7 /* AUX.json in Resources */,
				3C2A72821E790E2100137EAB /* P14AAA_03.bin in Resources */,
				3C2A72911E794FA500137EAB /* Infrared_Datebase.sqlite in Resources */,
				3CC2D67A1EA1D189006DF2BE /* TV&SAT.storyboard in Resources */,
				642597CD1F3AAA7B005635C7 /* DVD.json in Resources */,
				3C0D31821DDD9D9500D78924 /* LaunchScreen.storyboard in Resources */,
				3C2A727C1E790E2100137EAB /* 2787.bin in Resources */,
				3C2A727A1E790E2100137EAB /* 2132.bin in Resources */,
				3C2A72781E790E2100137EAB /* 691.bin in Resources */,
				642597CE1F3AAA7E005635C7 /* DeviceTypeList.plist in Resources */,
				3C2A72731E790E2100137EAB /* NSE_Database.sqlite in Resources */,
				3C0D317F1DDD9D9500D78924 /* Assets.xcassets in Resources */,
				3C125CCC1E94990B00D8FB92 /* Localizable.strings in Resources */,
				3C2A72801E790E2100137EAB /* 8078.bin in Resources */,
				3C2A72811E790E2100137EAB /* P14AAA_0A.bin in Resources */,
				3C2A72741E790E2100137EAB /* Ir_Remote_ImageB.bin in Resources */,
				642597D01F3AAA83005635C7 /* TV.json in Resources */,
				3C2A72851E790E2100137EAB /* T32DBA_08FE.bin in Resources */,
				3C2A727E1E790E2100137EAB /* 6014.bin in Resources */,
				3C2A72861E790E2100137EAB /* T32DBA_40EF.bin in Resources */,
				3C0D317D1DDD9D9500D78924 /* Main.storyboard in Resources */,
				3C27460E1E712A5500662A9F /* searching.gif in Resources */,
				3C2A727B1E790E2100137EAB /* 2314.bin in Resources */,
				642597CF1F3AAA81005635C7 /* SAT.json in Resources */,
				3CEE34591EA8966D0047BA5F /* InfraredBrandList.plist in Resources */,
			);
			runOnlyForDeploymentPostprocessing = 0;
		};
/* End PBXResourcesBuildPhase section */

/* Begin PBXShellScriptBuildPhase section */
		71CFB5528B851F6ADD2A19B5 /* [CP] Check Pods Manifest.lock */ = {
			isa = PBXShellScriptBuildPhase;
			buildActionMask = 2147483647;
			files = (
			);
			inputPaths = (
			);
			name = "[CP] Check Pods Manifest.lock";
			outputPaths = (
			);
			runOnlyForDeploymentPostprocessing = 0;
			shellPath = /bin/sh;
			shellScript = "diff \"${PODS_ROOT}/../Podfile.lock\" \"${PODS_ROOT}/Manifest.lock\" > /dev/null\nif [ $? != 0 ] ; then\n    # print error to STDERR\n    echo \"error: The sandbox is not in sync with the Podfile.lock. Run 'pod install' or update your CocoaPods installation.\" >&2\n    exit 1\nfi\n";
			showEnvVarsInLog = 0;
		};
		AE2976ED3E76D9DCDA67BD7C /* [CP] Embed Pods Frameworks */ = {
			isa = PBXShellScriptBuildPhase;
			buildActionMask = 2147483647;
			files = (
			);
			inputPaths = (
			);
			name = "[CP] Embed Pods Frameworks";
			outputPaths = (
			);
			runOnlyForDeploymentPostprocessing = 0;
			shellPath = /bin/sh;
			shellScript = "\"${SRCROOT}/Pods/Target Support Files/Pods-BinMarker/Pods-BinMarker-frameworks.sh\"\n";
			showEnvVarsInLog = 0;
		};
		D66DC7A0FF4305940CCA1B6B /* [CP] Copy Pods Resources */ = {
			isa = PBXShellScriptBuildPhase;
			buildActionMask = 2147483647;
			files = (
			);
			inputPaths = (
			);
			name = "[CP] Copy Pods Resources";
			outputPaths = (
			);
			runOnlyForDeploymentPostprocessing = 0;
			shellPath = /bin/sh;
			shellScript = "\"${SRCROOT}/Pods/Target Support Files/Pods-BinMarker/Pods-BinMarker-resources.sh\"\n";
			showEnvVarsInLog = 0;
		};
/* End PBXShellScriptBuildPhase section */

/* Begin PBXSourcesBuildPhase section */
		3C0D316B1DDD9D9400D78924 /* Sources */ = {
			isa = PBXSourcesBuildPhase;
			buildActionMask = 2147483647;
			files = (
				3C503FE01EBC6FBF006D0F2D /* HTTPFuntion.swift in Sources */,
				3C125CC81E94962100D8FB92 /* UIView+AutoFont.m in Sources */,
				3C0D31771DDD9D9500D78924 /* AppDelegate.m in Sources */,
				3C125CC71E94962100D8FB92 /* UIButton+touchLimit.m in Sources */,
				3C125CCB1E94962100D8FB92 /* BinMakeManger.swift in Sources */,
				3C5A29821ECC1F6C00C2F674 /* ChildrenModeController.swift in Sources */,
				3CFB383B1E6FD6D10069AEC6 /* ScaningController.m in Sources */,
				3C125CCA1E94962100D8FB92 /* VoiceManger.swift in Sources */,
				3C4C87911EB2E96700495F97 /* UserFunction.swift in Sources */,
				3C3A11CC1E762F5700C9E9E3 /* AMPController.swift in Sources */,
				642597CB1F3AAA6F005635C7 /* BluetoothManager.m in Sources */,
				3CDD64C51EB1F72200AD1599 /* HTTPForSoapFunction.swift in Sources */,
				3C33FA2F1EB072C800432C8C /* DeviceInfo.swift in Sources */,
				3C4C878F1EB2E5F400495F97 /* NetWorkingManager.m in Sources */,
				3C3A11CA1E73A64F00C9E9E3 /* BOXController.swift in Sources */,
				3C125CBA1E94928F00D8FB92 /* FavoriteScrollView.swift in Sources */,
				3C482FE51E8CFB7100012E7D /* LoginRegeditController.swift in Sources */,
				3C2A72A51E7BBBA800137EAB /* SettingController.swift in Sources */,
				3C5A29841ECC5CCB00C2F674 /* ChildrenSettingController.swift in Sources */,
				3C0D318F1DDEA29F00D78924 /* AddDeviceController.m in Sources */,
				3C28BD3D1E5D3D9B0028B7BF /* TestController.swift in Sources */,
				3C125CC61E94962100D8FB92 /* CommonFunction.swift in Sources */,
				3C482FE71E8D0F1B00012E7D /* UserInfoController.swift in Sources */,
				642597CA1F3AAA6D005635C7 /* ToolsFuntion.m in Sources */,
				64CE36C51F3C3C12007C0DF0 /* NSString+StringOperation.m in Sources */,
				3CCF5C5A1E9768F700BFC567 /* TVController.swift in Sources */,
				3C125CC91E94962100D8FB92 /* UIViewController+NamePrint.m in Sources */,
				3C0D31941DDF054F00D78924 /* ChooseBrandController.swift in Sources */,
				3C4F51501E7394CF007E32F2 /* DVDController.swift in Sources */,
				3CE4EA221EA74B77005D0CC7 /* FavoriteSubScroll.swift in Sources */,
				3C316F601EBC82D4005D30E1 /* FavoriteInfo.swift in Sources */,
				3C482FE01E8C985600012E7D /* LoginController.swift in Sources */,
				3CEE34681EAA0E000047BA5F /* FMDBFunctions.swift in Sources */,
				3C482FEB1E8E5FB300012E7D /* TVBOXTimeSetting.swift in Sources */,
				3C0D318C1DDDA3A600D78924 /* MainController.m in Sources */,
				3C4C87931EB319EF00495F97 /* UserInfo.swift in Sources */,
				3C0D31741DDD9D9500D78924 /* main.m in Sources */,
			);
			runOnlyForDeploymentPostprocessing = 0;
		};
/* End PBXSourcesBuildPhase section */

/* Begin PBXVariantGroup section */
		3C0D317B1DDD9D9500D78924 /* Main.storyboard */ = {
			isa = PBXVariantGroup;
			children = (
				3C0D317C1DDD9D9500D78924 /* Base */,
				3C125CB21E94903A00D8FB92 /* zh-Hans */,
				3C125CB51E94909700D8FB92 /* en */,
				3C125CD11E949B5100D8FB92 /* zh-Hant */,
			);
			name = Main.storyboard;
			sourceTree = "<group>";
		};
		3C0D31801DDD9D9500D78924 /* LaunchScreen.storyboard */ = {
			isa = PBXVariantGroup;
			children = (
				3C0D31811DDD9D9500D78924 /* Base */,
				3C125CB31E94903A00D8FB92 /* zh-Hans */,
				3C125CB71E9490AC00D8FB92 /* en */,
				3C125CD21E949B5200D8FB92 /* zh-Hant */,
			);
			name = LaunchScreen.storyboard;
			sourceTree = "<group>";
		};
		3C125CCE1E94990B00D8FB92 /* Localizable.strings */ = {
			isa = PBXVariantGroup;
			children = (
				3C125CCD1E94990B00D8FB92 /* en */,
				3C125CCF1E94994800D8FB92 /* zh-Hans */,
				3C125CD01E94994E00D8FB92 /* Base */,
				3C125CD31E949B5200D8FB92 /* zh-Hant */,
			);
			name = Localizable.strings;
			sourceTree = "<group>";
		};
		3CC2D6751EA1BE32006DF2BE /* AddDevice.storyboard */ = {
			isa = PBXVariantGroup;
			children = (
				3CC2D6761EA1BE32006DF2BE /* Base */,
				3CEE34561EA8964D0047BA5F /* en */,
				3CEE34581EA896530047BA5F /* zh-Hans */,
			);
			name = AddDevice.storyboard;
			sourceTree = "<group>";
		};
		3CC2D6781EA1D189006DF2BE /* TV&SAT.storyboard */ = {
			isa = PBXVariantGroup;
			children = (
				3CC2D6791EA1D189006DF2BE /* Base */,
				3CEE34521EA8963A0047BA5F /* en */,
				3CEE34541EA896460047BA5F /* zh-Hans */,
			);
			name = "TV&SAT.storyboard";
			sourceTree = "<group>";
		};
		3CEE345B1EA8966D0047BA5F /* InfraredBrandList.plist */ = {
			isa = PBXVariantGroup;
			children = (
				3CEE345A1EA8966D0047BA5F /* Base */,
				3CEE345C1EA896700047BA5F /* en */,
				3CEE345D1EA896710047BA5F /* zh-Hans */,
			);
			name = InfraredBrandList.plist;
			sourceTree = "<group>";
		};
		3CEE345F1EA8969A0047BA5F /* Info.plist */ = {
			isa = PBXVariantGroup;
			children = (
				3CEE345E1EA8969A0047BA5F /* Base */,
				3CEE34601EA896A80047BA5F /* en */,
				3CEE34611EA896A90047BA5F /* zh-Hans */,
				3CEE34621EA8974E0047BA5F /* zh-Hant */,
			);
			name = Info.plist;
			sourceTree = "<group>";
		};
/* End PBXVariantGroup section */

/* Begin XCBuildConfiguration section */
		3C0D31841DDD9D9500D78924 /* Debug */ = {
			isa = XCBuildConfiguration;
			buildSettings = {
				ALWAYS_SEARCH_USER_PATHS = NO;
				CLANG_ANALYZER_LOCALIZABILITY_NONLOCALIZED = YES;
				CLANG_ANALYZER_NONNULL = YES;
				CLANG_CXX_LANGUAGE_STANDARD = "gnu++0x";
				CLANG_CXX_LIBRARY = "libc++";
				CLANG_ENABLE_MODULES = YES;
				CLANG_ENABLE_OBJC_ARC = YES;
				CLANG_WARN_BOOL_CONVERSION = YES;
				CLANG_WARN_CONSTANT_CONVERSION = YES;
				CLANG_WARN_DIRECT_OBJC_ISA_USAGE = YES_ERROR;
				CLANG_WARN_DOCUMENTATION_COMMENTS = YES;
				CLANG_WARN_EMPTY_BODY = YES;
				CLANG_WARN_ENUM_CONVERSION = YES;
				CLANG_WARN_INFINITE_RECURSION = YES;
				CLANG_WARN_INT_CONVERSION = YES;
				CLANG_WARN_OBJC_ROOT_CLASS = YES_ERROR;
				CLANG_WARN_SUSPICIOUS_MOVE = YES;
				CLANG_WARN_UNREACHABLE_CODE = YES;
				CLANG_WARN__DUPLICATE_METHOD_MATCH = YES;
				"CODE_SIGN_IDENTITY[sdk=iphoneos*]" = "iPhone Developer";
				COPY_PHASE_STRIP = NO;
				DEBUG_INFORMATION_FORMAT = dwarf;
				ENABLE_STRICT_OBJC_MSGSEND = YES;
				ENABLE_TESTABILITY = YES;
				GCC_C_LANGUAGE_STANDARD = gnu99;
				GCC_DYNAMIC_NO_PIC = NO;
				GCC_NO_COMMON_BLOCKS = YES;
				GCC_OPTIMIZATION_LEVEL = 0;
				GCC_PREPROCESSOR_DEFINITIONS = (
					"DEBUG=1",
					"$(inherited)",
				);
				GCC_WARN_64_TO_32_BIT_CONVERSION = YES;
				GCC_WARN_ABOUT_RETURN_TYPE = YES_ERROR;
				GCC_WARN_UNDECLARED_SELECTOR = YES;
				GCC_WARN_UNINITIALIZED_AUTOS = YES_AGGRESSIVE;
				GCC_WARN_UNUSED_FUNCTION = YES;
				GCC_WARN_UNUSED_VARIABLE = YES;
				IPHONEOS_DEPLOYMENT_TARGET = 10.2;
				MTL_ENABLE_DEBUG_INFO = YES;
				ONLY_ACTIVE_ARCH = YES;
				SDKROOT = iphoneos;
				TARGETED_DEVICE_FAMILY = "1,2";
			};
			name = Debug;
		};
		3C0D31851DDD9D9500D78924 /* Release */ = {
			isa = XCBuildConfiguration;
			buildSettings = {
				ALWAYS_SEARCH_USER_PATHS = NO;
				CLANG_ANALYZER_LOCALIZABILITY_NONLOCALIZED = YES;
				CLANG_ANALYZER_NONNULL = YES;
				CLANG_CXX_LANGUAGE_STANDARD = "gnu++0x";
				CLANG_CXX_LIBRARY = "libc++";
				CLANG_ENABLE_MODULES = YES;
				CLANG_ENABLE_OBJC_ARC = YES;
				CLANG_WARN_BOOL_CONVERSION = YES;
				CLANG_WARN_CONSTANT_CONVERSION = YES;
				CLANG_WARN_DIRECT_OBJC_ISA_USAGE = YES_ERROR;
				CLANG_WARN_DOCUMENTATION_COMMENTS = YES;
				CLANG_WARN_EMPTY_BODY = YES;
				CLANG_WARN_ENUM_CONVERSION = YES;
				CLANG_WARN_INFINITE_RECURSION = YES;
				CLANG_WARN_INT_CONVERSION = YES;
				CLANG_WARN_OBJC_ROOT_CLASS = YES_ERROR;
				CLANG_WARN_SUSPICIOUS_MOVE = YES;
				CLANG_WARN_UNREACHABLE_CODE = YES;
				CLANG_WARN__DUPLICATE_METHOD_MATCH = YES;
				"CODE_SIGN_IDENTITY[sdk=iphoneos*]" = "iPhone Developer";
				COPY_PHASE_STRIP = NO;
				DEBUG_INFORMATION_FORMAT = "dwarf-with-dsym";
				ENABLE_NS_ASSERTIONS = NO;
				ENABLE_STRICT_OBJC_MSGSEND = YES;
				GCC_C_LANGUAGE_STANDARD = gnu99;
				GCC_NO_COMMON_BLOCKS = YES;
				GCC_WARN_64_TO_32_BIT_CONVERSION = YES;
				GCC_WARN_ABOUT_RETURN_TYPE = YES_ERROR;
				GCC_WARN_UNDECLARED_SELECTOR = YES;
				GCC_WARN_UNINITIALIZED_AUTOS = YES_AGGRESSIVE;
				GCC_WARN_UNUSED_FUNCTION = YES;
				GCC_WARN_UNUSED_VARIABLE = YES;
				IPHONEOS_DEPLOYMENT_TARGET = 10.2;
				MTL_ENABLE_DEBUG_INFO = NO;
				SDKROOT = iphoneos;
				SWIFT_OPTIMIZATION_LEVEL = "-Owholemodule";
				TARGETED_DEVICE_FAMILY = "1,2";
				VALIDATE_PRODUCT = YES;
			};
			name = Release;
		};
		3C0D31871DDD9D9500D78924 /* Debug */ = {
			isa = XCBuildConfiguration;
			baseConfigurationReference = C0B06F660B7C0797452319BB /* Pods-BinMarker.debug.xcconfig */;
			buildSettings = {
				ASSETCATALOG_COMPILER_APPICON_NAME = AppIcon;
				CLANG_ENABLE_MODULES = YES;
				"CODE_SIGN_IDENTITY[sdk=iphoneos*]" = "iPhone Developer";
				CODE_SIGN_STYLE = Automatic;
				DEVELOPMENT_TEAM = "";
				ENABLE_BITCODE = NO;
				FRAMEWORK_SEARCH_PATHS = (
					"$(inherited)",
					"$(PROJECT_DIR)/BinMarker",
				);
				GCC_INPUT_FILETYPE = automatic;
				INFOPLIST_FILE = BinMarker/Base.lproj/Info.plist;
				IPHONEOS_DEPLOYMENT_TARGET = 9.1;
				LD_RUNPATH_SEARCH_PATHS = "$(inherited) @executable_path/Frameworks";
				LIBRARY_SEARCH_PATHS = (
					"$(inherited)",
					"$(PROJECT_DIR)/BinMarker",
				);
				PRODUCT_BUNDLE_IDENTIFIER = com.amj.BinMaker.Store;
				PRODUCT_NAME = "$(TARGET_NAME)";
				PROVISIONING_PROFILE = "";
				PROVISIONING_PROFILE_SPECIFIER = "";
				SWIFT_OBJC_BRIDGING_HEADER = "BinMarker/BinMarker-Bridging-Header.h";
				SWIFT_OPTIMIZATION_LEVEL = "-Onone";
				SWIFT_VERSION = 3.0;
				TARGETED_DEVICE_FAMILY = 1;
				USER_HEADER_SEARCH_PATHS = "${SRCROOT}/** $(PODS_ROOT)";
			};
			name = Debug;
		};
		3C0D31881DDD9D9500D78924 /* Release */ = {
			isa = XCBuildConfiguration;
			baseConfigurationReference = 6F8FA3D48EBE9487D67E5777 /* Pods-BinMarker.release.xcconfig */;
			buildSettings = {
				ASSETCATALOG_COMPILER_APPICON_NAME = AppIcon;
				CLANG_ENABLE_MODULES = YES;
				"CODE_SIGN_IDENTITY[sdk=iphoneos*]" = "iPhone Developer";
				CODE_SIGN_STYLE = Automatic;
				DEVELOPMENT_TEAM = "";
				ENABLE_BITCODE = NO;
				FRAMEWORK_SEARCH_PATHS = (
					"$(inherited)",
					"$(PROJECT_DIR)/BinMarker",
				);
				GCC_INPUT_FILETYPE = automatic;
				INFOPLIST_FILE = BinMarker/Base.lproj/Info.plist;
				IPHONEOS_DEPLOYMENT_TARGET = 9.1;
				LD_RUNPATH_SEARCH_PATHS = "$(inherited) @executable_path/Frameworks";
				LIBRARY_SEARCH_PATHS = (
					"$(inherited)",
					"$(PROJECT_DIR)/BinMarker",
				);
				PRODUCT_BUNDLE_IDENTIFIER = com.amj.BinMaker.Store;
				PRODUCT_NAME = "$(TARGET_NAME)";
				PROVISIONING_PROFILE = "";
				PROVISIONING_PROFILE_SPECIFIER = "";
				SWIFT_OBJC_BRIDGING_HEADER = "BinMarker/BinMarker-Bridging-Header.h";
				SWIFT_VERSION = 3.0;
				TARGETED_DEVICE_FAMILY = 1;
				USER_HEADER_SEARCH_PATHS = "${SRCROOT}/** $(PODS_ROOT)";
			};
			name = Release;
		};
/* End XCBuildConfiguration section */

/* Begin XCConfigurationList section */
		3C0D316A1DDD9D9400D78924 /* Build configuration list for PBXProject "BinMarker" */ = {
			isa = XCConfigurationList;
			buildConfigurations = (
				3C0D31841DDD9D9500D78924 /* Debug */,
				3C0D31851DDD9D9500D78924 /* Release */,
			);
			defaultConfigurationIsVisible = 0;
			defaultConfigurationName = Release;
		};
		3C0D31861DDD9D9500D78924 /* Build configuration list for PBXNativeTarget "BinMarker" */ = {
			isa = XCConfigurationList;
			buildConfigurations = (
				3C0D31871DDD9D9500D78924 /* Debug */,
				3C0D31881DDD9D9500D78924 /* Release */,
			);
			defaultConfigurationIsVisible = 0;
			defaultConfigurationName = Release;
		};
/* End XCConfigurationList section */
	};
	rootObject = 3C0D31671DDD9D9400D78924 /* Project object */;
}
