// !$*UTF8*$!
{
	archiveVersion = 1;
	classes = {
	};
	objectVersion = 46;
	objects = {

/* Begin PBXBuildFile section */
		0C950FBCAC616E3546A47CFD /* libPods-BinMarker.a in Frameworks */ = {isa = PBXBuildFile; fileRef = 98B9796DF7DF0EE5C4374E5F /* libPods-BinMarker.a */; };
		3C0BB7021DDFF92B00A6479C /* BrandList.plist in Resources */ = {isa = PBXBuildFile; fileRef = 3C0BB7011DDFF92B00A6479C /* BrandList.plist */; };
		3C0D31741DDD9D9500D78924 /* main.m in Sources */ = {isa = PBXBuildFile; fileRef = 3C0D31731DDD9D9500D78924 /* main.m */; };
		3C0D31771DDD9D9500D78924 /* AppDelegate.m in Sources */ = {isa = PBXBuildFile; fileRef = 3C0D31761DDD9D9500D78924 /* AppDelegate.m */; };
		3C0D317D1DDD9D9500D78924 /* Main.storyboard in Resources */ = {isa = PBXBuildFile; fileRef = 3C0D317B1DDD9D9500D78924 /* Main.storyboard */; };
		3C0D317F1DDD9D9500D78924 /* Assets.xcassets in Resources */ = {isa = PBXBuildFile; fileRef = 3C0D317E1DDD9D9500D78924 /* Assets.xcassets */; };
		3C0D31821DDD9D9500D78924 /* LaunchScreen.storyboard in Resources */ = {isa = PBXBuildFile; fileRef = 3C0D31801DDD9D9500D78924 /* LaunchScreen.storyboard */; };
		3C0D318C1DDDA3A600D78924 /* MainController.m in Sources */ = {isa = PBXBuildFile; fileRef = 3C0D318B1DDDA3A600D78924 /* MainController.m */; };
		3C0D318F1DDEA29F00D78924 /* AddDeviceController.m in Sources */ = {isa = PBXBuildFile; fileRef = 3C0D318E1DDEA29F00D78924 /* AddDeviceController.m */; };
		3C0D31941DDF054F00D78924 /* ChooseBrandController.swift in Sources */ = {isa = PBXBuildFile; fileRef = 3C0D31931DDF054F00D78924 /* ChooseBrandController.swift */; };
		3C16B14E1E77D4B400A60D58 /* DeviceTypeList.plist in Resources */ = {isa = PBXBuildFile; fileRef = 3C16B14C1E77D4B400A60D58 /* DeviceTypeList.plist */; };
		3C16B1501E77D4BD00A60D58 /* libstaticLib.a in Frameworks */ = {isa = PBXBuildFile; fileRef = 3C16B14F1E77D4BD00A60D58 /* libstaticLib.a */; };
		3C25C4AE1E65513A009B6D34 /* 531.bin in Resources */ = {isa = PBXBuildFile; fileRef = 3C25C4AC1E65513A009B6D34 /* 531.bin */; };
		3C25C4AF1E65513A009B6D34 /* 691.bin in Resources */ = {isa = PBXBuildFile; fileRef = 3C25C4AD1E65513A009B6D34 /* 691.bin */; };
		3C25C4B61E655141009B6D34 /* 006.bin in Resources */ = {isa = PBXBuildFile; fileRef = 3C25C4B01E655141009B6D34 /* 006.bin */; };
		3C25C4B71E655141009B6D34 /* 492.bin in Resources */ = {isa = PBXBuildFile; fileRef = 3C25C4B11E655141009B6D34 /* 492.bin */; };
		3C25C4B81E655141009B6D34 /* 2009.bin in Resources */ = {isa = PBXBuildFile; fileRef = 3C25C4B21E655141009B6D34 /* 2009.bin */; };
		3C25C4B91E655141009B6D34 /* 2314.bin in Resources */ = {isa = PBXBuildFile; fileRef = 3C25C4B31E655141009B6D34 /* 2314.bin */; };
		3C25C4BA1E655141009B6D34 /* 6014.bin in Resources */ = {isa = PBXBuildFile; fileRef = 3C25C4B41E655141009B6D34 /* 6014.bin */; };
		3C25C4BB1E655141009B6D34 /* 8078.bin in Resources */ = {isa = PBXBuildFile; fileRef = 3C25C4B51E655141009B6D34 /* 8078.bin */; };
		3C25C4BE1E655146009B6D34 /* 3075.bin in Resources */ = {isa = PBXBuildFile; fileRef = 3C25C4BC1E655146009B6D34 /* 3075.bin */; };
		3C25C4BF1E655146009B6D34 /* 6123.bin in Resources */ = {isa = PBXBuildFile; fileRef = 3C25C4BD1E655146009B6D34 /* 6123.bin */; };
		3C25C4C21E655149009B6D34 /* 2132.bin in Resources */ = {isa = PBXBuildFile; fileRef = 3C25C4C01E655149009B6D34 /* 2132.bin */; };
		3C25C4C31E655149009B6D34 /* 2787.bin in Resources */ = {isa = PBXBuildFile; fileRef = 3C25C4C11E655149009B6D34 /* 2787.bin */; };
		3C2746031E6402CF00CC931C /* P14AAA_03.bin in Resources */ = {isa = PBXBuildFile; fileRef = 3C2746021E6402CF00CC931C /* P14AAA_03.bin */; };
		3C2746051E6402DE00CC931C /* T32DBA_08FE.bin in Resources */ = {isa = PBXBuildFile; fileRef = 3C2746041E6402DE00CC931C /* T32DBA_08FE.bin */; };
		3C2746071E64030200CC931C /* P14AAA_16.bin in Resources */ = {isa = PBXBuildFile; fileRef = 3C2746061E64030200CC931C /* P14AAA_16.bin */; };
		3C27460E1E712A5500662A9F /* searching.gif in Resources */ = {isa = PBXBuildFile; fileRef = 3C27460D1E712A5500662A9F /* searching.gif */; };
		3C28BD3D1E5D3D9B0028B7BF /* TestController.swift in Sources */ = {isa = PBXBuildFile; fileRef = 3C28BD3C1E5D3D9B0028B7BF /* TestController.swift */; };
		3C3A11CA1E73A64F00C9E9E3 /* BOXController.swift in Sources */ = {isa = PBXBuildFile; fileRef = 3C3A11C91E73A64F00C9E9E3 /* BOXController.swift */; };
		3C3A11CC1E762F5700C9E9E3 /* AMPController.swift in Sources */ = {isa = PBXBuildFile; fileRef = 3C3A11CB1E762F5700C9E9E3 /* AMPController.swift */; };
		3C4F51501E7394CF007E32F2 /* DVDController.swift in Sources */ = {isa = PBXBuildFile; fileRef = 3C4F514F1E7394CF007E32F2 /* DVDController.swift */; };
		3C589D761E5ED4E3002D3637 /* T32DBA_40EF.bin in Resources */ = {isa = PBXBuildFile; fileRef = 3C589D751E5ED4E3002D3637 /* T32DBA_40EF.bin */; };
		3C589D871E5FD107002D3637 /* CoreBluetooth.framework in Frameworks */ = {isa = PBXBuildFile; fileRef = 3C589D861E5FD107002D3637 /* CoreBluetooth.framework */; };
		3C6607381E2CBDFB00FF548F /* Ir_Remote_ImageB.bin in Resources */ = {isa = PBXBuildFile; fileRef = 3C6607371E2CBDFA00FF548F /* Ir_Remote_ImageB.bin */; };
		3C66073A1E2CBFB500FF548F /* P14AAA_0A.bin in Resources */ = {isa = PBXBuildFile; fileRef = 3C6607391E2CBFB500FF548F /* P14AAA_0A.bin */; };
		3C66073C1E2CC0B900FF548F /* T32DBA_01FE.bin in Resources */ = {isa = PBXBuildFile; fileRef = 3C66073B1E2CC0B900FF548F /* T32DBA_01FE.bin */; };
		3C72B6EC1E728A3A0088925F /* TVController.swift in Sources */ = {isa = PBXBuildFile; fileRef = 3C72B6EB1E728A3A0088925F /* TVController.swift */; };
		3CC755EB1E261FA100013C63 /* BinMakeManger.swift in Sources */ = {isa = PBXBuildFile; fileRef = 3CC755EA1E261FA100013C63 /* BinMakeManger.swift */; };
		3CDB74351DE2E4A9008CC61D /* NSE_Database.sqlite in Resources */ = {isa = PBXBuildFile; fileRef = 3CDB74341DE2E4A9008CC61D /* NSE_Database.sqlite */; };
		3CFB383B1E6FD6D10069AEC6 /* ScaningController.m in Sources */ = {isa = PBXBuildFile; fileRef = 3CFB383A1E6FD6D00069AEC6 /* ScaningController.m */; };
/* End PBXBuildFile section */

/* Begin PBXFileReference section */
		3C0BB7011DDFF92B00A6479C /* BrandList.plist */ = {isa = PBXFileReference; fileEncoding = 4; lastKnownFileType = text.plist.xml; path = BrandList.plist; sourceTree = "<group>"; };
		3C0D316F1DDD9D9500D78924 /* BinMarker.app */ = {isa = PBXFileReference; explicitFileType = wrapper.application; includeInIndex = 0; path = BinMarker.app; sourceTree = BUILT_PRODUCTS_DIR; };
		3C0D31731DDD9D9500D78924 /* main.m */ = {isa = PBXFileReference; lastKnownFileType = sourcecode.c.objc; path = main.m; sourceTree = "<group>"; };
		3C0D31751DDD9D9500D78924 /* AppDelegate.h */ = {isa = PBXFileReference; lastKnownFileType = sourcecode.c.h; path = AppDelegate.h; sourceTree = "<group>"; };
		3C0D31761DDD9D9500D78924 /* AppDelegate.m */ = {isa = PBXFileReference; lastKnownFileType = sourcecode.c.objc; path = AppDelegate.m; sourceTree = "<group>"; };
		3C0D317C1DDD9D9500D78924 /* Base */ = {isa = PBXFileReference; lastKnownFileType = file.storyboard; name = Base; path = Base.lproj/Main.storyboard; sourceTree = "<group>"; };
		3C0D317E1DDD9D9500D78924 /* Assets.xcassets */ = {isa = PBXFileReference; lastKnownFileType = folder.assetcatalog; path = Assets.xcassets; sourceTree = "<group>"; };
		3C0D31811DDD9D9500D78924 /* Base */ = {isa = PBXFileReference; lastKnownFileType = file.storyboard; name = Base; path = Base.lproj/LaunchScreen.storyboard; sourceTree = "<group>"; };
		3C0D31831DDD9D9500D78924 /* Info.plist */ = {isa = PBXFileReference; lastKnownFileType = text.plist.xml; path = Info.plist; sourceTree = "<group>"; };
		3C0D318A1DDDA3A600D78924 /* MainController.h */ = {isa = PBXFileReference; fileEncoding = 4; lastKnownFileType = sourcecode.c.h; path = MainController.h; sourceTree = "<group>"; };
		3C0D318B1DDDA3A600D78924 /* MainController.m */ = {isa = PBXFileReference; fileEncoding = 4; lastKnownFileType = sourcecode.c.objc; path = MainController.m; sourceTree = "<group>"; };
		3C0D318D1DDEA29F00D78924 /* AddDeviceController.h */ = {isa = PBXFileReference; fileEncoding = 4; lastKnownFileType = sourcecode.c.h; path = AddDeviceController.h; sourceTree = "<group>"; };
		3C0D318E1DDEA29F00D78924 /* AddDeviceController.m */ = {isa = PBXFileReference; fileEncoding = 4; lastKnownFileType = sourcecode.c.objc; path = AddDeviceController.m; sourceTree = "<group>"; };
		3C0D31901DDEDA5C00D78924 /* BinMarker-Bridging-Header.h */ = {isa = PBXFileReference; lastKnownFileType = sourcecode.c.h; path = "BinMarker-Bridging-Header.h"; sourceTree = "<group>"; };
		3C0D31931DDF054F00D78924 /* ChooseBrandController.swift */ = {isa = PBXFileReference; fileEncoding = 4; lastKnownFileType = sourcecode.swift; path = ChooseBrandController.swift; sourceTree = "<group>"; };
		3C16B14B1E77D4B400A60D58 /* BluetoothManager.h */ = {isa = PBXFileReference; fileEncoding = 4; lastKnownFileType = sourcecode.c.h; path = BluetoothManager.h; sourceTree = "<group>"; };
		3C16B14C1E77D4B400A60D58 /* DeviceTypeList.plist */ = {isa = PBXFileReference; fileEncoding = 4; lastKnownFileType = text.plist.xml; path = DeviceTypeList.plist; sourceTree = "<group>"; };
		3C16B14D1E77D4B400A60D58 /* NSString+StringOperation.h */ = {isa = PBXFileReference; fileEncoding = 4; lastKnownFileType = sourcecode.c.h; path = "NSString+StringOperation.h"; sourceTree = "<group>"; };
		3C16B14F1E77D4BD00A60D58 /* libstaticLib.a */ = {isa = PBXFileReference; lastKnownFileType = archive.ar; path = libstaticLib.a; sourceTree = "<group>"; };
		3C25C4AC1E65513A009B6D34 /* 531.bin */ = {isa = PBXFileReference; lastKnownFileType = archive.macbinary; path = 531.bin; sourceTree = "<group>"; };
		3C25C4AD1E65513A009B6D34 /* 691.bin */ = {isa = PBXFileReference; lastKnownFileType = archive.macbinary; path = 691.bin; sourceTree = "<group>"; };
		3C25C4B01E655141009B6D34 /* 006.bin */ = {isa = PBXFileReference; lastKnownFileType = archive.macbinary; path = 006.bin; sourceTree = "<group>"; };
		3C25C4B11E655141009B6D34 /* 492.bin */ = {isa = PBXFileReference; lastKnownFileType = archive.macbinary; path = 492.bin; sourceTree = "<group>"; };
		3C25C4B21E655141009B6D34 /* 2009.bin */ = {isa = PBXFileReference; lastKnownFileType = archive.macbinary; path = 2009.bin; sourceTree = "<group>"; };
		3C25C4B31E655141009B6D34 /* 2314.bin */ = {isa = PBXFileReference; lastKnownFileType = archive.macbinary; path = 2314.bin; sourceTree = "<group>"; };
		3C25C4B41E655141009B6D34 /* 6014.bin */ = {isa = PBXFileReference; lastKnownFileType = archive.macbinary; path = 6014.bin; sourceTree = "<group>"; };
		3C25C4B51E655141009B6D34 /* 8078.bin */ = {isa = PBXFileReference; lastKnownFileType = archive.macbinary; path = 8078.bin; sourceTree = "<group>"; };
		3C25C4BC1E655146009B6D34 /* 3075.bin */ = {isa = PBXFileReference; lastKnownFileType = archive.macbinary; path = 3075.bin; sourceTree = "<group>"; };
		3C25C4BD1E655146009B6D34 /* 6123.bin */ = {isa = PBXFileReference; lastKnownFileType = archive.macbinary; path = 6123.bin; sourceTree = "<group>"; };
		3C25C4C01E655149009B6D34 /* 2132.bin */ = {isa = PBXFileReference; lastKnownFileType = archive.macbinary; path = 2132.bin; sourceTree = "<group>"; };
		3C25C4C11E655149009B6D34 /* 2787.bin */ = {isa = PBXFileReference; lastKnownFileType = archive.macbinary; path = 2787.bin; sourceTree = "<group>"; };
		3C2746021E6402CF00CC931C /* P14AAA_03.bin */ = {isa = PBXFileReference; lastKnownFileType = archive.macbinary; path = P14AAA_03.bin; sourceTree = "<group>"; };
		3C2746041E6402DE00CC931C /* T32DBA_08FE.bin */ = {isa = PBXFileReference; lastKnownFileType = archive.macbinary; path = T32DBA_08FE.bin; sourceTree = "<group>"; };
		3C2746061E64030200CC931C /* P14AAA_16.bin */ = {isa = PBXFileReference; lastKnownFileType = archive.macbinary; path = P14AAA_16.bin; sourceTree = "<group>"; };
		3C27460D1E712A5500662A9F /* searching.gif */ = {isa = PBXFileReference; lastKnownFileType = image.gif; path = searching.gif; sourceTree = "<group>"; };
		3C28BD3C1E5D3D9B0028B7BF /* TestController.swift */ = {isa = PBXFileReference; fileEncoding = 4; lastKnownFileType = sourcecode.swift; path = TestController.swift; sourceTree = "<group>"; };
		3C3A11C91E73A64F00C9E9E3 /* BOXController.swift */ = {isa = PBXFileReference; fileEncoding = 4; lastKnownFileType = sourcecode.swift; name = BOXController.swift; path = Devices/BOXController.swift; sourceTree = "<group>"; };
		3C3A11CB1E762F5700C9E9E3 /* AMPController.swift */ = {isa = PBXFileReference; fileEncoding = 4; lastKnownFileType = sourcecode.swift; name = AMPController.swift; path = Devices/AMPController.swift; sourceTree = "<group>"; };
		3C4F514F1E7394CF007E32F2 /* DVDController.swift */ = {isa = PBXFileReference; fileEncoding = 4; lastKnownFileType = sourcecode.swift; name = DVDController.swift; path = Devices/DVDController.swift; sourceTree = "<group>"; };
		3C589D751E5ED4E3002D3637 /* T32DBA_40EF.bin */ = {isa = PBXFileReference; lastKnownFileType = archive.macbinary; path = T32DBA_40EF.bin; sourceTree = "<group>"; };
		3C589D861E5FD107002D3637 /* CoreBluetooth.framework */ = {isa = PBXFileReference; lastKnownFileType = wrapper.framework; name = CoreBluetooth.framework; path = System/Library/Frameworks/CoreBluetooth.framework; sourceTree = SDKROOT; };
		3C6607371E2CBDFA00FF548F /* Ir_Remote_ImageB.bin */ = {isa = PBXFileReference; lastKnownFileType = archive.macbinary; path = Ir_Remote_ImageB.bin; sourceTree = "<group>"; };
		3C6607391E2CBFB500FF548F /* P14AAA_0A.bin */ = {isa = PBXFileReference; lastKnownFileType = archive.macbinary; path = P14AAA_0A.bin; sourceTree = "<group>"; };
		3C66073B1E2CC0B900FF548F /* T32DBA_01FE.bin */ = {isa = PBXFileReference; lastKnownFileType = archive.macbinary; path = T32DBA_01FE.bin; sourceTree = "<group>"; };
		3C72B6EB1E728A3A0088925F /* TVController.swift */ = {isa = PBXFileReference; fileEncoding = 4; lastKnownFileType = sourcecode.swift; name = TVController.swift; path = Devices/TVController.swift; sourceTree = "<group>"; };
		3CC755EA1E261FA100013C63 /* BinMakeManger.swift */ = {isa = PBXFileReference; fileEncoding = 4; lastKnownFileType = sourcecode.swift; path = BinMakeManger.swift; sourceTree = "<group>"; };
		3CDB74341DE2E4A9008CC61D /* NSE_Database.sqlite */ = {isa = PBXFileReference; lastKnownFileType = file; path = NSE_Database.sqlite; sourceTree = "<group>"; };
		3CFB38391E6FD6D00069AEC6 /* ScaningController.h */ = {isa = PBXFileReference; fileEncoding = 4; lastKnownFileType = sourcecode.c.h; path = ScaningController.h; sourceTree = "<group>"; };
		3CFB383A1E6FD6D00069AEC6 /* ScaningController.m */ = {isa = PBXFileReference; fileEncoding = 4; lastKnownFileType = sourcecode.c.objc; path = ScaningController.m; sourceTree = "<group>"; };
		6F8FA3D48EBE9487D67E5777 /* Pods-BinMarker.release.xcconfig */ = {isa = PBXFileReference; includeInIndex = 1; lastKnownFileType = text.xcconfig; name = "Pods-BinMarker.release.xcconfig"; path = "Pods/Target Support Files/Pods-BinMarker/Pods-BinMarker.release.xcconfig"; sourceTree = "<group>"; };
		98B9796DF7DF0EE5C4374E5F /* libPods-BinMarker.a */ = {isa = PBXFileReference; explicitFileType = archive.ar; includeInIndex = 0; path = "libPods-BinMarker.a"; sourceTree = BUILT_PRODUCTS_DIR; };
		C0B06F660B7C0797452319BB /* Pods-BinMarker.debug.xcconfig */ = {isa = PBXFileReference; includeInIndex = 1; lastKnownFileType = text.xcconfig; name = "Pods-BinMarker.debug.xcconfig"; path = "Pods/Target Support Files/Pods-BinMarker/Pods-BinMarker.debug.xcconfig"; sourceTree = "<group>"; };
/* End PBXFileReference section */

/* Begin PBXFrameworksBuildPhase section */
		3C0D316C1DDD9D9400D78924 /* Frameworks */ = {
			isa = PBXFrameworksBuildPhase;
			buildActionMask = 2147483647;
			files = (
				3C16B1501E77D4BD00A60D58 /* libstaticLib.a in Frameworks */,
				3C589D871E5FD107002D3637 /* CoreBluetooth.framework in Frameworks */,
				0C950FBCAC616E3546A47CFD /* libPods-BinMarker.a in Frameworks */,
			);
			runOnlyForDeploymentPostprocessing = 0;
		};
/* End PBXFrameworksBuildPhase section */

/* Begin PBXGroup section */
		3C0D31661DDD9D9400D78924 = {
			isa = PBXGroup;
			children = (
				3C0D31711DDD9D9500D78924 /* BinMarker */,
				3C0D31701DDD9D9500D78924 /* Products */,
				C93512C1FF97EC979024132C /* Pods */,
				D87B68AA47A996CB743B73D7 /* Frameworks */,
			);
			sourceTree = "<group>";
		};
		3C0D31701DDD9D9500D78924 /* Products */ = {
			isa = PBXGroup;
			children = (
				3C0D316F1DDD9D9500D78924 /* BinMarker.app */,
			);
			name = Products;
			sourceTree = "<group>";
		};
		3C0D31711DDD9D9500D78924 /* BinMarker */ = {
			isa = PBXGroup;
			children = (
				3C72B6E91E7159F50088925F /* old */,
				3C589D7A1E5FCDA3002D3637 /* Lib */,
				3C0D31891DDDA38800D78924 /* List */,
				3C0D31751DDD9D9500D78924 /* AppDelegate.h */,
				3C0D31761DDD9D9500D78924 /* AppDelegate.m */,
				3C0D317B1DDD9D9500D78924 /* Main.storyboard */,
				3C0D317E1DDD9D9500D78924 /* Assets.xcassets */,
				3C0D31801DDD9D9500D78924 /* LaunchScreen.storyboard */,
				3C0D31831DDD9D9500D78924 /* Info.plist */,
				3C0D31721DDD9D9500D78924 /* Supporting Files */,
			);
			path = BinMarker;
			sourceTree = "<group>";
		};
		3C0D31721DDD9D9500D78924 /* Supporting Files */ = {
			isa = PBXGroup;
			children = (
				3C25C4C41E655153009B6D34 /* testBin */,
				3C25C4AB1E6550DB009B6D34 /* bin */,
				3C6607371E2CBDFA00FF548F /* Ir_Remote_ImageB.bin */,
				3CDB74341DE2E4A9008CC61D /* NSE_Database.sqlite */,
				3C0D31731DDD9D9500D78924 /* main.m */,
			);
			name = "Supporting Files";
			sourceTree = "<group>";
		};
		3C0D31891DDDA38800D78924 /* List */ = {
			isa = PBXGroup;
			children = (
				3C72B6EA1E728A000088925F /* Devices */,
				3C0D318A1DDDA3A600D78924 /* MainController.h */,
				3C0D318B1DDDA3A600D78924 /* MainController.m */,
				3C0D318D1DDEA29F00D78924 /* AddDeviceController.h */,
				3C0D318E1DDEA29F00D78924 /* AddDeviceController.m */,
				3C0D31931DDF054F00D78924 /* ChooseBrandController.swift */,
				3C28BD3C1E5D3D9B0028B7BF /* TestController.swift */,
				3C0D31901DDEDA5C00D78924 /* BinMarker-Bridging-Header.h */,
				3C0BB7011DDFF92B00A6479C /* BrandList.plist */,
				3CC755EA1E261FA100013C63 /* BinMakeManger.swift */,
				3CFB38391E6FD6D00069AEC6 /* ScaningController.h */,
				3CFB383A1E6FD6D00069AEC6 /* ScaningController.m */,
			);
			name = List;
			sourceTree = "<group>";
		};
		3C25C4AB1E6550DB009B6D34 /* bin */ = {
			isa = PBXGroup;
			children = (
				3C25C4C01E655149009B6D34 /* 2132.bin */,
				3C25C4C11E655149009B6D34 /* 2787.bin */,
				3C25C4BC1E655146009B6D34 /* 3075.bin */,
				3C25C4BD1E655146009B6D34 /* 6123.bin */,
				3C25C4B01E655141009B6D34 /* 006.bin */,
				3C25C4B11E655141009B6D34 /* 492.bin */,
				3C25C4B21E655141009B6D34 /* 2009.bin */,
				3C25C4B31E655141009B6D34 /* 2314.bin */,
				3C25C4B41E655141009B6D34 /* 6014.bin */,
				3C25C4B51E655141009B6D34 /* 8078.bin */,
				3C25C4AC1E65513A009B6D34 /* 531.bin */,
				3C25C4AD1E65513A009B6D34 /* 691.bin */,
			);
			name = bin;
			sourceTree = "<group>";
		};
		3C25C4C41E655153009B6D34 /* testBin */ = {
			isa = PBXGroup;
			children = (
				3C2746021E6402CF00CC931C /* P14AAA_03.bin */,
				3C2746061E64030200CC931C /* P14AAA_16.bin */,
				3C2746041E6402DE00CC931C /* T32DBA_08FE.bin */,
				3C589D751E5ED4E3002D3637 /* T32DBA_40EF.bin */,
				3C66073B1E2CC0B900FF548F /* T32DBA_01FE.bin */,
				3C6607391E2CBFB500FF548F /* P14AAA_0A.bin */,
			);
			name = testBin;
			sourceTree = "<group>";
		};
		3C589D7A1E5FCDA3002D3637 /* Lib */ = {
			isa = PBXGroup;
			children = (
				3C27460D1E712A5500662A9F /* searching.gif */,
				3C16B14B1E77D4B400A60D58 /* BluetoothManager.h */,
				3C16B14C1E77D4B400A60D58 /* DeviceTypeList.plist */,
				3C16B14D1E77D4B400A60D58 /* NSString+StringOperation.h */,
				3C16B14F1E77D4BD00A60D58 /* libstaticLib.a */,
			);
			name = Lib;
			sourceTree = "<group>";
		};
		3C72B6E91E7159F50088925F /* old */ = {
			isa = PBXGroup;
			children = (
			);
			name = old;
			sourceTree = "<group>";
		};
		3C72B6EA1E728A000088925F /* Devices */ = {
			isa = PBXGroup;
			children = (
				3C72B6EB1E728A3A0088925F /* TVController.swift */,
				3C4F514F1E7394CF007E32F2 /* DVDController.swift */,
				3C3A11CB1E762F5700C9E9E3 /* AMPController.swift */,
				3C3A11C91E73A64F00C9E9E3 /* BOXController.swift */,
			);
			name = Devices;
			sourceTree = "<group>";
		};
		C93512C1FF97EC979024132C /* Pods */ = {
			isa = PBXGroup;
			children = (
				C0B06F660B7C0797452319BB /* Pods-BinMarker.debug.xcconfig */,
				6F8FA3D48EBE9487D67E5777 /* Pods-BinMarker.release.xcconfig */,
			);
			name = Pods;
			sourceTree = "<group>";
		};
		D87B68AA47A996CB743B73D7 /* Frameworks */ = {
			isa = PBXGroup;
			children = (
				3C589D861E5FD107002D3637 /* CoreBluetooth.framework */,
				98B9796DF7DF0EE5C4374E5F /* libPods-BinMarker.a */,
			);
			name = Frameworks;
			sourceTree = "<group>";
		};
/* End PBXGroup section */

/* Begin PBXNativeTarget section */
		3C0D316E1DDD9D9400D78924 /* BinMarker */ = {
			isa = PBXNativeTarget;
			buildConfigurationList = 3C0D31861DDD9D9500D78924 /* Build configuration list for PBXNativeTarget "BinMarker" */;
			buildPhases = (
				71CFB5528B851F6ADD2A19B5 /* [CP] Check Pods Manifest.lock */,
				3C0D316B1DDD9D9400D78924 /* Sources */,
				3C0D316C1DDD9D9400D78924 /* Frameworks */,
				3C0D316D1DDD9D9400D78924 /* Resources */,
				AE2976ED3E76D9DCDA67BD7C /* [CP] Embed Pods Frameworks */,
				D66DC7A0FF4305940CCA1B6B /* [CP] Copy Pods Resources */,
			);
			buildRules = (
			);
			dependencies = (
			);
			name = BinMarker;
			productName = BinMarker;
			productReference = 3C0D316F1DDD9D9500D78924 /* BinMarker.app */;
			productType = "com.apple.product-type.application";
		};
/* End PBXNativeTarget section */

/* Begin PBXProject section */
		3C0D31671DDD9D9400D78924 /* Project object */ = {
			isa = PBXProject;
			attributes = {
				LastUpgradeCheck = 0820;
				ORGANIZATIONNAME = "彭子上";
				TargetAttributes = {
					3C0D316E1DDD9D9400D78924 = {
						CreatedOnToolsVersion = 8.2;
						DevelopmentTeam = 7BLZ9JWB5U;
						LastSwiftMigration = 0820;
						ProvisioningStyle = Manual;
					};
				};
			};
			buildConfigurationList = 3C0D316A1DDD9D9400D78924 /* Build configuration list for PBXProject "BinMarker" */;
			compatibilityVersion = "Xcode 3.2";
			developmentRegion = English;
			hasScannedForEncodings = 0;
			knownRegions = (
				en,
				Base,
			);
			mainGroup = 3C0D31661DDD9D9400D78924;
			productRefGroup = 3C0D31701DDD9D9500D78924 /* Products */;
			projectDirPath = "";
			projectRoot = "";
			targets = (
				3C0D316E1DDD9D9400D78924 /* BinMarker */,
			);
		};
/* End PBXProject section */

/* Begin PBXResourcesBuildPhase section */
		3C0D316D1DDD9D9400D78924 /* Resources */ = {
			isa = PBXResourcesBuildPhase;
			buildActionMask = 2147483647;
			files = (
				3CDB74351DE2E4A9008CC61D /* NSE_Database.sqlite in Resources */,
				3C25C4B91E655141009B6D34 /* 2314.bin in Resources */,
				3C16B14E1E77D4B400A60D58 /* DeviceTypeList.plist in Resources */,
				3C2746071E64030200CC931C /* P14AAA_16.bin in Resources */,
				3C66073C1E2CC0B900FF548F /* T32DBA_01FE.bin in Resources */,
				3C25C4C31E655149009B6D34 /* 2787.bin in Resources */,
				3C25C4B61E655141009B6D34 /* 006.bin in Resources */,
				3C66073A1E2CBFB500FF548F /* P14AAA_0A.bin in Resources */,
				3C25C4AE1E65513A009B6D34 /* 531.bin in Resources */,
				3C25C4BB1E655141009B6D34 /* 8078.bin in Resources */,
				3C25C4AF1E65513A009B6D34 /* 691.bin in Resources */,
				3C2746051E6402DE00CC931C /* T32DBA_08FE.bin in Resources */,
				3C589D761E5ED4E3002D3637 /* T32DBA_40EF.bin in Resources */,
				3C25C4B71E655141009B6D34 /* 492.bin in Resources */,
				3C0BB7021DDFF92B00A6479C /* BrandList.plist in Resources */,
				3C0D31821DDD9D9500D78924 /* LaunchScreen.storyboard in Resources */,
				3C25C4BA1E655141009B6D34 /* 6014.bin in Resources */,
				3C25C4BE1E655146009B6D34 /* 3075.bin in Resources */,
				3C6607381E2CBDFB00FF548F /* Ir_Remote_ImageB.bin in Resources */,
				3C25C4B81E655141009B6D34 /* 2009.bin in Resources */,
				3C2746031E6402CF00CC931C /* P14AAA_03.bin in Resources */,
				3C0D317F1DDD9D9500D78924 /* Assets.xcassets in Resources */,
				3C25C4BF1E655146009B6D34 /* 6123.bin in Resources */,
				3C0D317D1DDD9D9500D78924 /* Main.storyboard in Resources */,
				3C25C4C21E655149009B6D34 /* 2132.bin in Resources */,
				3C27460E1E712A5500662A9F /* searching.gif in Resources */,
			);
			runOnlyForDeploymentPostprocessing = 0;
		};
/* End PBXResourcesBuildPhase section */

/* Begin PBXShellScriptBuildPhase section */
		71CFB5528B851F6ADD2A19B5 /* [CP] Check Pods Manifest.lock */ = {
			isa = PBXShellScriptBuildPhase;
			buildActionMask = 2147483647;
			files = (
			);
			inputPaths = (
			);
			name = "[CP] Check Pods Manifest.lock";
			outputPaths = (
			);
			runOnlyForDeploymentPostprocessing = 0;
			shellPath = /bin/sh;
			shellScript = "diff \"${PODS_ROOT}/../Podfile.lock\" \"${PODS_ROOT}/Manifest.lock\" > /dev/null\nif [ $? != 0 ] ; then\n    # print error to STDERR\n    echo \"error: The sandbox is not in sync with the Podfile.lock. Run 'pod install' or update your CocoaPods installation.\" >&2\n    exit 1\nfi\n";
			showEnvVarsInLog = 0;
		};
		AE2976ED3E76D9DCDA67BD7C /* [CP] Embed Pods Frameworks */ = {
			isa = PBXShellScriptBuildPhase;
			buildActionMask = 2147483647;
			files = (
			);
			inputPaths = (
			);
			name = "[CP] Embed Pods Frameworks";
			outputPaths = (
			);
			runOnlyForDeploymentPostprocessing = 0;
			shellPath = /bin/sh;
			shellScript = "\"${SRCROOT}/Pods/Target Support Files/Pods-BinMarker/Pods-BinMarker-frameworks.sh\"\n";
			showEnvVarsInLog = 0;
		};
		D66DC7A0FF4305940CCA1B6B /* [CP] Copy Pods Resources */ = {
			isa = PBXShellScriptBuildPhase;
			buildActionMask = 2147483647;
			files = (
			);
			inputPaths = (
			);
			name = "[CP] Copy Pods Resources";
			outputPaths = (
			);
			runOnlyForDeploymentPostprocessing = 0;
			shellPath = /bin/sh;
			shellScript = "\"${SRCROOT}/Pods/Target Support Files/Pods-BinMarker/Pods-BinMarker-resources.sh\"\n";
			showEnvVarsInLog = 0;
		};
/* End PBXShellScriptBuildPhase section */

/* Begin PBXSourcesBuildPhase section */
		3C0D316B1DDD9D9400D78924 /* Sources */ = {
			isa = PBXSourcesBuildPhase;
			buildActionMask = 2147483647;
			files = (
				3C0D31771DDD9D9500D78924 /* AppDelegate.m in Sources */,
				3C72B6EC1E728A3A0088925F /* TVController.swift in Sources */,
				3CFB383B1E6FD6D10069AEC6 /* ScaningController.m in Sources */,
				3C3A11CC1E762F5700C9E9E3 /* AMPController.swift in Sources */,
				3C3A11CA1E73A64F00C9E9E3 /* BOXController.swift in Sources */,
				3CC755EB1E261FA100013C63 /* BinMakeManger.swift in Sources */,
				3C0D318F1DDEA29F00D78924 /* AddDeviceController.m in Sources */,
				3C28BD3D1E5D3D9B0028B7BF /* TestController.swift in Sources */,
				3C0D31941DDF054F00D78924 /* ChooseBrandController.swift in Sources */,
				3C4F51501E7394CF007E32F2 /* DVDController.swift in Sources */,
				3C0D318C1DDDA3A600D78924 /* MainController.m in Sources */,
				3C0D31741DDD9D9500D78924 /* main.m in Sources */,
			);
			runOnlyForDeploymentPostprocessing = 0;
		};
/* End PBXSourcesBuildPhase section */

/* Begin PBXVariantGroup section */
		3C0D317B1DDD9D9500D78924 /* Main.storyboard */ = {
			isa = PBXVariantGroup;
			children = (
				3C0D317C1DDD9D9500D78924 /* Base */,
			);
			name = Main.storyboard;
			sourceTree = "<group>";
		};
		3C0D31801DDD9D9500D78924 /* LaunchScreen.storyboard */ = {
			isa = PBXVariantGroup;
			children = (
				3C0D31811DDD9D9500D78924 /* Base */,
			);
			name = LaunchScreen.storyboard;
			sourceTree = "<group>";
		};
/* End PBXVariantGroup section */

/* Begin XCBuildConfiguration section */
		3C0D31841DDD9D9500D78924 /* Debug */ = {
			isa = XCBuildConfiguration;
			buildSettings = {
				ALWAYS_SEARCH_USER_PATHS = NO;
				CLANG_ANALYZER_NONNULL = YES;
				CLANG_CXX_LANGUAGE_STANDARD = "gnu++0x";
				CLANG_CXX_LIBRARY = "libc++";
				CLANG_ENABLE_MODULES = YES;
				CLANG_ENABLE_OBJC_ARC = YES;
				CLANG_WARN_BOOL_CONVERSION = YES;
				CLANG_WARN_CONSTANT_CONVERSION = YES;
				CLANG_WARN_DIRECT_OBJC_ISA_USAGE = YES_ERROR;
				CLANG_WARN_DOCUMENTATION_COMMENTS = YES;
				CLANG_WARN_EMPTY_BODY = YES;
				CLANG_WARN_ENUM_CONVERSION = YES;
				CLANG_WARN_INFINITE_RECURSION = YES;
				CLANG_WARN_INT_CONVERSION = YES;
				CLANG_WARN_OBJC_ROOT_CLASS = YES_ERROR;
				CLANG_WARN_SUSPICIOUS_MOVE = YES;
				CLANG_WARN_UNREACHABLE_CODE = YES;
				CLANG_WARN__DUPLICATE_METHOD_MATCH = YES;
				"CODE_SIGN_IDENTITY[sdk=iphoneos*]" = "iPhone Developer";
				COPY_PHASE_STRIP = NO;
				DEBUG_INFORMATION_FORMAT = dwarf;
				ENABLE_STRICT_OBJC_MSGSEND = YES;
				ENABLE_TESTABILITY = YES;
				GCC_C_LANGUAGE_STANDARD = gnu99;
				GCC_DYNAMIC_NO_PIC = NO;
				GCC_NO_COMMON_BLOCKS = YES;
				GCC_OPTIMIZATION_LEVEL = 0;
				GCC_PREPROCESSOR_DEFINITIONS = (
					"DEBUG=1",
					"$(inherited)",
				);
				GCC_WARN_64_TO_32_BIT_CONVERSION = YES;
				GCC_WARN_ABOUT_RETURN_TYPE = YES_ERROR;
				GCC_WARN_UNDECLARED_SELECTOR = YES;
				GCC_WARN_UNINITIALIZED_AUTOS = YES_AGGRESSIVE;
				GCC_WARN_UNUSED_FUNCTION = YES;
				GCC_WARN_UNUSED_VARIABLE = YES;
				IPHONEOS_DEPLOYMENT_TARGET = 10.2;
				MTL_ENABLE_DEBUG_INFO = YES;
				ONLY_ACTIVE_ARCH = YES;
				SDKROOT = iphoneos;
				TARGETED_DEVICE_FAMILY = "1,2";
			};
			name = Debug;
		};
		3C0D31851DDD9D9500D78924 /* Release */ = {
			isa = XCBuildConfiguration;
			buildSettings = {
				ALWAYS_SEARCH_USER_PATHS = NO;
				CLANG_ANALYZER_NONNULL = YES;
				CLANG_CXX_LANGUAGE_STANDARD = "gnu++0x";
				CLANG_CXX_LIBRARY = "libc++";
				CLANG_ENABLE_MODULES = YES;
				CLANG_ENABLE_OBJC_ARC = YES;
				CLANG_WARN_BOOL_CONVERSION = YES;
				CLANG_WARN_CONSTANT_CONVERSION = YES;
				CLANG_WARN_DIRECT_OBJC_ISA_USAGE = YES_ERROR;
				CLANG_WARN_DOCUMENTATION_COMMENTS = YES;
				CLANG_WARN_EMPTY_BODY = YES;
				CLANG_WARN_ENUM_CONVERSION = YES;
				CLANG_WARN_INFINITE_RECURSION = YES;
				CLANG_WARN_INT_CONVERSION = YES;
				CLANG_WARN_OBJC_ROOT_CLASS = YES_ERROR;
				CLANG_WARN_SUSPICIOUS_MOVE = YES;
				CLANG_WARN_UNREACHABLE_CODE = YES;
				CLANG_WARN__DUPLICATE_METHOD_MATCH = YES;
				"CODE_SIGN_IDENTITY[sdk=iphoneos*]" = "iPhone Developer";
				COPY_PHASE_STRIP = NO;
				DEBUG_INFORMATION_FORMAT = "dwarf-with-dsym";
				ENABLE_NS_ASSERTIONS = NO;
				ENABLE_STRICT_OBJC_MSGSEND = YES;
				GCC_C_LANGUAGE_STANDARD = gnu99;
				GCC_NO_COMMON_BLOCKS = YES;
				GCC_WARN_64_TO_32_BIT_CONVERSION = YES;
				GCC_WARN_ABOUT_RETURN_TYPE = YES_ERROR;
				GCC_WARN_UNDECLARED_SELECTOR = YES;
				GCC_WARN_UNINITIALIZED_AUTOS = YES_AGGRESSIVE;
				GCC_WARN_UNUSED_FUNCTION = YES;
				GCC_WARN_UNUSED_VARIABLE = YES;
				IPHONEOS_DEPLOYMENT_TARGET = 10.2;
				MTL_ENABLE_DEBUG_INFO = NO;
				SDKROOT = iphoneos;
				SWIFT_OPTIMIZATION_LEVEL = "-Owholemodule";
				TARGETED_DEVICE_FAMILY = "1,2";
				VALIDATE_PRODUCT = YES;
			};
			name = Release;
		};
		3C0D31871DDD9D9500D78924 /* Debug */ = {
			isa = XCBuildConfiguration;
			baseConfigurationReference = C0B06F660B7C0797452319BB /* Pods-BinMarker.debug.xcconfig */;
			buildSettings = {
				ASSETCATALOG_COMPILER_APPICON_NAME = AppIcon;
				CLANG_ENABLE_MODULES = YES;
				DEVELOPMENT_TEAM = 7BLZ9JWB5U;
				ENABLE_BITCODE = NO;
				INFOPLIST_FILE = BinMarker/Info.plist;
				IPHONEOS_DEPLOYMENT_TARGET = 9.1;
				LD_RUNPATH_SEARCH_PATHS = "$(inherited) @executable_path/Frameworks";
				LIBRARY_SEARCH_PATHS = (
					"$(inherited)",
					"$(PROJECT_DIR)/BinMarker",
				);
				PRODUCT_BUNDLE_IDENTIFIER = com.amj.BinMaker.Demo;
				PRODUCT_NAME = "$(TARGET_NAME)";
				PROVISIONING_PROFILE = "d20eec34-560b-44b5-a1aa-0236592a1ba5";
				PROVISIONING_PROFILE_SPECIFIER = Development_General_Test_2016_07_20;
				SWIFT_OBJC_BRIDGING_HEADER = "BinMarker/BinMarker-Bridging-Header.h";
				SWIFT_OPTIMIZATION_LEVEL = "-Onone";
				SWIFT_VERSION = 3.0;
				TARGETED_DEVICE_FAMILY = 1;
				USER_HEADER_SEARCH_PATHS = "${SRCROOT}/**";
			};
			name = Debug;
		};
		3C0D31881DDD9D9500D78924 /* Release */ = {
			isa = XCBuildConfiguration;
			baseConfigurationReference = 6F8FA3D48EBE9487D67E5777 /* Pods-BinMarker.release.xcconfig */;
			buildSettings = {
				ASSETCATALOG_COMPILER_APPICON_NAME = AppIcon;
				CLANG_ENABLE_MODULES = YES;
				"CODE_SIGN_IDENTITY[sdk=iphoneos*]" = "iPhone Distribution";
				DEVELOPMENT_TEAM = 7BLZ9JWB5U;
				ENABLE_BITCODE = NO;
				INFOPLIST_FILE = BinMarker/Info.plist;
				IPHONEOS_DEPLOYMENT_TARGET = 9.1;
				LD_RUNPATH_SEARCH_PATHS = "$(inherited) @executable_path/Frameworks";
				LIBRARY_SEARCH_PATHS = (
					"$(inherited)",
					"$(PROJECT_DIR)/BinMarker",
				);
				PRODUCT_BUNDLE_IDENTIFIER = com.amj.BinMaker.Demo;
				PRODUCT_NAME = "$(TARGET_NAME)";
				PROVISIONING_PROFILE = "5b7f8126-2776-4541-85dd-306ca3f3df67";
				PROVISIONING_PROFILE_SPECIFIER = Distribution_BinMaker_2016_11_23;
				SWIFT_OBJC_BRIDGING_HEADER = "BinMarker/BinMarker-Bridging-Header.h";
				SWIFT_VERSION = 3.0;
				TARGETED_DEVICE_FAMILY = 1;
				USER_HEADER_SEARCH_PATHS = "${SRCROOT}/**";
			};
			name = Release;
		};
/* End XCBuildConfiguration section */

/* Begin XCConfigurationList section */
		3C0D316A1DDD9D9400D78924 /* Build configuration list for PBXProject "BinMarker" */ = {
			isa = XCConfigurationList;
			buildConfigurations = (
				3C0D31841DDD9D9500D78924 /* Debug */,
				3C0D31851DDD9D9500D78924 /* Release */,
			);
			defaultConfigurationIsVisible = 0;
			defaultConfigurationName = Release;
		};
		3C0D31861DDD9D9500D78924 /* Build configuration list for PBXNativeTarget "BinMarker" */ = {
			isa = XCConfigurationList;
			buildConfigurations = (
				3C0D31871DDD9D9500D78924 /* Debug */,
				3C0D31881DDD9D9500D78924 /* Release */,
			);
			defaultConfigurationIsVisible = 0;
			defaultConfigurationName = Release;
		};
/* End XCConfigurationList section */
	};
	rootObject = 3C0D31671DDD9D9400D78924 /* Project object */;
}
